// !$*UTF8*$!
{
	archiveVersion = 1;
	classes = {
	};
	objectVersion = 48;
	objects = {

/* Begin PBXBuildFile section */
		5A189BA62060B09500A6BF08 /* UIColor+extention.swift in Sources */ = {isa = PBXBuildFile; fileRef = 5A189BA52060B09500A6BF08 /* UIColor+extention.swift */; };
		5A189BAA2060B40E00A6BF08 /* UIImage+extension.swift in Sources */ = {isa = PBXBuildFile; fileRef = 5A189BA92060B40E00A6BF08 /* UIImage+extension.swift */; };
		5A189BAC2060D41400A6BF08 /* BaseNavigationController.swift in Sources */ = {isa = PBXBuildFile; fileRef = 5A189BAB2060D41400A6BF08 /* BaseNavigationController.swift */; };
		5A189BAF2060D52B00A6BF08 /* GroupMsgVC.swift in Sources */ = {isa = PBXBuildFile; fileRef = 5A189BAD2060D52B00A6BF08 /* GroupMsgVC.swift */; };
		5A189BB02060D52B00A6BF08 /* GroupMsgVC.xib in Resources */ = {isa = PBXBuildFile; fileRef = 5A189BAE2060D52B00A6BF08 /* GroupMsgVC.xib */; };
		5A189BB42060D7C400A6BF08 /* UIBarButtonItem+Extension.swift in Sources */ = {isa = PBXBuildFile; fileRef = 5A189BB12060D7C400A6BF08 /* UIBarButtonItem+Extension.swift */; };
		5A189BB52060D7C400A6BF08 /* Label+Extension.swift in Sources */ = {isa = PBXBuildFile; fileRef = 5A189BB22060D7C400A6BF08 /* Label+Extension.swift */; };
		5A189BB62060D7C400A6BF08 /* UIButton+Extension.swift in Sources */ = {isa = PBXBuildFile; fileRef = 5A189BB32060D7C400A6BF08 /* UIButton+Extension.swift */; };
		5A189BB82060F42E00A6BF08 /* BaseTableViewCell.swift in Sources */ = {isa = PBXBuildFile; fileRef = 5A189BB72060F42E00A6BF08 /* BaseTableViewCell.swift */; };
		5A189BBB2060F51300A6BF08 /* MsgHomeCell.swift in Sources */ = {isa = PBXBuildFile; fileRef = 5A189BB92060F51300A6BF08 /* MsgHomeCell.swift */; };
		5A189BBC2060F51300A6BF08 /* MsgHomeCell.xib in Resources */ = {isa = PBXBuildFile; fileRef = 5A189BBA2060F51300A6BF08 /* MsgHomeCell.xib */; };
		5A189BBE2060FD8B00A6BF08 /* MsgHomeModel.swift in Sources */ = {isa = PBXBuildFile; fileRef = 5A189BBD2060FD8B00A6BF08 /* MsgHomeModel.swift */; };
		5A189BC02060FE0700A6BF08 /* NetWorkTools.swift in Sources */ = {isa = PBXBuildFile; fileRef = 5A189BBF2060FE0700A6BF08 /* NetWorkTools.swift */; };
		5A189BC42060FEB000A6BF08 /* MessageHomeViewModel.swift in Sources */ = {isa = PBXBuildFile; fileRef = 5A189BC32060FEB000A6BF08 /* MessageHomeViewModel.swift */; };
		5A189BC62061F14700A6BF08 /* PageView.swift in Sources */ = {isa = PBXBuildFile; fileRef = 5A189BC52061F14700A6BF08 /* PageView.swift */; };
		5A189BCA2061F31000A6BF08 /* EducationVC.swift in Sources */ = {isa = PBXBuildFile; fileRef = 5A189BC92061F31000A6BF08 /* EducationVC.swift */; };
		5A189BCE206232A700A6BF08 /* PageView.xib in Resources */ = {isa = PBXBuildFile; fileRef = 5A189BCD206232A700A6BF08 /* PageView.xib */; };
		5A1A820A206B77520006E56B /* Equipment.swift in Sources */ = {isa = PBXBuildFile; fileRef = 5A1A8209206B77520006E56B /* Equipment.swift */; };
		5A1A820F206B81DA0006E56B /* LoginVC.swift in Sources */ = {isa = PBXBuildFile; fileRef = 5A1A820D206B81DA0006E56B /* LoginVC.swift */; };
		5A1A8210206B81DA0006E56B /* LoginVC.xib in Resources */ = {isa = PBXBuildFile; fileRef = 5A1A820E206B81DA0006E56B /* LoginVC.xib */; };
		5A1A8212206B884F0006E56B /* UIView+Extension.swift in Sources */ = {isa = PBXBuildFile; fileRef = 5A1A8211206B884F0006E56B /* UIView+Extension.swift */; };
		5A1A8214206C85B80006E56B /* Validate.swift in Sources */ = {isa = PBXBuildFile; fileRef = 5A1A8213206C85B80006E56B /* Validate.swift */; };
		5A1A8216206C862D0006E56B /* LoginVM.swift in Sources */ = {isa = PBXBuildFile; fileRef = 5A1A8215206C862D0006E56B /* LoginVM.swift */; };
		5A1A8218206C8BCE0006E56B /* Global.swift in Sources */ = {isa = PBXBuildFile; fileRef = 5A1A8217206C8BCE0006E56B /* Global.swift */; };
		5A1A821A206CD8880006E56B /* Podfile in Resources */ = {isa = PBXBuildFile; fileRef = 5A1A8219206CD8880006E56B /* Podfile */; };
		5A1A821D206CE0BC0006E56B /* RegisterVC.swift in Sources */ = {isa = PBXBuildFile; fileRef = 5A1A821B206CE0BC0006E56B /* RegisterVC.swift */; };
		5A1A821E206CE0BC0006E56B /* RegisterVC.xib in Resources */ = {isa = PBXBuildFile; fileRef = 5A1A821C206CE0BC0006E56B /* RegisterVC.xib */; };
		5A1A8220206CE30A0006E56B /* RegisterVM.swift in Sources */ = {isa = PBXBuildFile; fileRef = 5A1A821F206CE30A0006E56B /* RegisterVM.swift */; };
		5A1A8223206CE6A70006E56B /* RegisterVC1.swift in Sources */ = {isa = PBXBuildFile; fileRef = 5A1A8221206CE6A70006E56B /* RegisterVC1.swift */; };
		5A1A8224206CE6A70006E56B /* RegisterVC1.xib in Resources */ = {isa = PBXBuildFile; fileRef = 5A1A8222206CE6A70006E56B /* RegisterVC1.xib */; };
		5A1A8227206CEA350006E56B /* RegisterVC2.swift in Sources */ = {isa = PBXBuildFile; fileRef = 5A1A8225206CEA350006E56B /* RegisterVC2.swift */; };
		5A1A8228206CEA350006E56B /* RegisterVC2.xib in Resources */ = {isa = PBXBuildFile; fileRef = 5A1A8226206CEA350006E56B /* RegisterVC2.xib */; };
		5A1A822B206DC9480006E56B /* WebViewVC.swift in Sources */ = {isa = PBXBuildFile; fileRef = 5A1A8229206DC9480006E56B /* WebViewVC.swift */; };
		5A1A822C206DC9480006E56B /* WebViewVC.xib in Resources */ = {isa = PBXBuildFile; fileRef = 5A1A822A206DC9480006E56B /* WebViewVC.xib */; };
		5A1A822F206E14D80006E56B /* GroupMsgCell.swift in Sources */ = {isa = PBXBuildFile; fileRef = 5A1A822D206E14D80006E56B /* GroupMsgCell.swift */; };
		5A1A8230206E14D80006E56B /* GroupMsgCell.xib in Resources */ = {isa = PBXBuildFile; fileRef = 5A1A822E206E14D80006E56B /* GroupMsgCell.xib */; };
		5A1A8232206E25B80006E56B /* String+Extension.swift in Sources */ = {isa = PBXBuildFile; fileRef = 5A1A8231206E25B80006E56B /* String+Extension.swift */; };
		5A4E0F8520730C7F00CF04AD /* ProfileVC.swift in Sources */ = {isa = PBXBuildFile; fileRef = 5A4E0F8420730C7F00CF04AD /* ProfileVC.swift */; };
		5A4E0F882073163A00CF04AD /* UserInfoVC.swift in Sources */ = {isa = PBXBuildFile; fileRef = 5A4E0F862073163A00CF04AD /* UserInfoVC.swift */; };
		5A4E0F892073163A00CF04AD /* UserInfoVC.xib in Resources */ = {isa = PBXBuildFile; fileRef = 5A4E0F872073163A00CF04AD /* UserInfoVC.xib */; };
		5A4E0F8C207317D000CF04AD /* UserInfoCell.swift in Sources */ = {isa = PBXBuildFile; fileRef = 5A4E0F8A207317D000CF04AD /* UserInfoCell.swift */; };
		5A4E0F8D207317D000CF04AD /* UserInfoCell.xib in Resources */ = {isa = PBXBuildFile; fileRef = 5A4E0F8B207317D000CF04AD /* UserInfoCell.xib */; };
		5A4E0F8F207318D000CF04AD /* UserInfoModel.swift in Sources */ = {isa = PBXBuildFile; fileRef = 5A4E0F8E207318D000CF04AD /* UserInfoModel.swift */; };
		5A4E0F9120731D8A00CF04AD /* UserInfoViewModel.swift in Sources */ = {isa = PBXBuildFile; fileRef = 5A4E0F9020731D8A00CF04AD /* UserInfoViewModel.swift */; };
		5A4E0F932073217D00CF04AD /* PhotoCenter.swift in Sources */ = {isa = PBXBuildFile; fileRef = 5A4E0F922073217D00CF04AD /* PhotoCenter.swift */; };
		5A4E0F96207364C600CF04AD /* DevListVC.swift in Sources */ = {isa = PBXBuildFile; fileRef = 5A4E0F94207364C600CF04AD /* DevListVC.swift */; };
		5A4E0F97207364C600CF04AD /* DevListVC.xib in Resources */ = {isa = PBXBuildFile; fileRef = 5A4E0F95207364C600CF04AD /* DevListVC.xib */; };
		5A4E0F9A207364D900CF04AD /* DevSetVC.swift in Sources */ = {isa = PBXBuildFile; fileRef = 5A4E0F98207364D900CF04AD /* DevSetVC.swift */; };
		5A4E0F9B207364D900CF04AD /* DevSetVC.xib in Resources */ = {isa = PBXBuildFile; fileRef = 5A4E0F99207364D900CF04AD /* DevSetVC.xib */; };
		5A4E0F9E207364F000CF04AD /* SetWIFIVC.swift in Sources */ = {isa = PBXBuildFile; fileRef = 5A4E0F9C207364F000CF04AD /* SetWIFIVC.swift */; };
		5A4E0F9F207364F000CF04AD /* SetWIFIVC.xib in Resources */ = {isa = PBXBuildFile; fileRef = 5A4E0F9D207364F000CF04AD /* SetWIFIVC.xib */; };
		5A4E0FA22073650300CF04AD /* GetWIFIVC.swift in Sources */ = {isa = PBXBuildFile; fileRef = 5A4E0FA02073650300CF04AD /* GetWIFIVC.swift */; };
		5A4E0FA32073650300CF04AD /* GetWIFIVC.xib in Resources */ = {isa = PBXBuildFile; fileRef = 5A4E0FA12073650300CF04AD /* GetWIFIVC.xib */; };
		5A4E0FA62073655200CF04AD /* SearchDev.swift in Sources */ = {isa = PBXBuildFile; fileRef = 5A4E0FA42073655200CF04AD /* SearchDev.swift */; };
		5A4E0FA72073655200CF04AD /* SearchDev.xib in Resources */ = {isa = PBXBuildFile; fileRef = 5A4E0FA52073655200CF04AD /* SearchDev.xib */; };
		5A4E0FAA2073656800CF04AD /* ScanAddDev.swift in Sources */ = {isa = PBXBuildFile; fileRef = 5A4E0FA82073656700CF04AD /* ScanAddDev.swift */; };
		5A4E0FAB2073656800CF04AD /* ScanAddDev.xib in Resources */ = {isa = PBXBuildFile; fileRef = 5A4E0FA92073656800CF04AD /* ScanAddDev.xib */; };
		5A4E0FAE2073676400CF04AD /* DevCell.swift in Sources */ = {isa = PBXBuildFile; fileRef = 5A4E0FAC2073676400CF04AD /* DevCell.swift */; };
		5A4E0FAF2073676400CF04AD /* DevCell.xib in Resources */ = {isa = PBXBuildFile; fileRef = 5A4E0FAD2073676400CF04AD /* DevCell.xib */; };
		5A80AF45206099A3008B9458 /* AppDelegate.swift in Sources */ = {isa = PBXBuildFile; fileRef = 5A80AF44206099A3008B9458 /* AppDelegate.swift */; };
		5A80AF47206099A3008B9458 /* ViewController.swift in Sources */ = {isa = PBXBuildFile; fileRef = 5A80AF46206099A3008B9458 /* ViewController.swift */; };
		5A80AF4A206099A3008B9458 /* Main.storyboard in Resources */ = {isa = PBXBuildFile; fileRef = 5A80AF48206099A3008B9458 /* Main.storyboard */; };
		5A80AF4C206099A3008B9458 /* Assets.xcassets in Resources */ = {isa = PBXBuildFile; fileRef = 5A80AF4B206099A3008B9458 /* Assets.xcassets */; };
		5A80AF4F206099A3008B9458 /* LaunchScreen.storyboard in Resources */ = {isa = PBXBuildFile; fileRef = 5A80AF4D206099A3008B9458 /* LaunchScreen.storyboard */; };
		5A80AF722060A26B008B9458 /* Message.storyboard in Resources */ = {isa = PBXBuildFile; fileRef = 5A80AF702060A26B008B9458 /* Message.storyboard */; };
		5A80AF752060A29D008B9458 /* Education.storyboard in Resources */ = {isa = PBXBuildFile; fileRef = 5A80AF732060A29D008B9458 /* Education.storyboard */; };
		5A80AF782060A2C1008B9458 /* Profile.storyboard in Resources */ = {isa = PBXBuildFile; fileRef = 5A80AF762060A2C1008B9458 /* Profile.storyboard */; };
		5A80AF7E2060A72D008B9458 /* BaseViewController.swift in Sources */ = {isa = PBXBuildFile; fileRef = 5A80AF7D2060A72D008B9458 /* BaseViewController.swift */; };
		5A80AF802060A7F3008B9458 /* MessageHomeVC.swift in Sources */ = {isa = PBXBuildFile; fileRef = 5A80AF7F2060A7F3008B9458 /* MessageHomeVC.swift */; };
		5AB78D7D20687C97009A4F2E /* XMAlbumsVC.swift in Sources */ = {isa = PBXBuildFile; fileRef = 5AB78D7B20687C97009A4F2E /* XMAlbumsVC.swift */; };
		5AB78D7E20687C97009A4F2E /* XMAlbumsVC.xib in Resources */ = {isa = PBXBuildFile; fileRef = 5AB78D7C20687C97009A4F2E /* XMAlbumsVC.xib */; };
		5AB78D802068817B009A4F2E /* XMAlbumDetaliVM.swift in Sources */ = {isa = PBXBuildFile; fileRef = 5AB78D7F2068817B009A4F2E /* XMAlbumDetaliVM.swift */; };
		5AB78D8220688C27009A4F2E /* MusicPlayerView.swift in Sources */ = {isa = PBXBuildFile; fileRef = 5AB78D8120688C27009A4F2E /* MusicPlayerView.swift */; };
		5AB78D8420688C2F009A4F2E /* MusicPlayerView.xib in Resources */ = {isa = PBXBuildFile; fileRef = 5AB78D8320688C2F009A4F2E /* MusicPlayerView.xib */; };
		5AB78D8E2068CA32009A4F2E /* HYSlider.m in Sources */ = {isa = PBXBuildFile; fileRef = 5AB78D8D2068CA32009A4F2E /* HYSlider.m */; };
		5AC17C832064A3C900535C8C /* libXMOpenPlatform.a in Frameworks */ = {isa = PBXBuildFile; fileRef = 5AC17C3D2064A3C900535C8C /* libXMOpenPlatform.a */; };
		5AC17C842064A3C900535C8C /* MBProgressHUD.m in Sources */ = {isa = PBXBuildFile; fileRef = 5AC17C682064A3C900535C8C /* MBProgressHUD.m */; };
		5AC17C852064A3C900535C8C /* FMDatabaseQueue.m in Sources */ = {isa = PBXBuildFile; fileRef = 5AC17C6E2064A3C900535C8C /* FMDatabaseQueue.m */; };
		5AC17C862064A3C900535C8C /* FMDatabaseAdditions.m in Sources */ = {isa = PBXBuildFile; fileRef = 5AC17C712064A3C900535C8C /* FMDatabaseAdditions.m */; };
		5AC17C872064A3C900535C8C /* FMDatabase.m in Sources */ = {isa = PBXBuildFile; fileRef = 5AC17C722064A3C900535C8C /* FMDatabase.m */; };
		5AC17C882064A3C900535C8C /* FMDatabasePool.m in Sources */ = {isa = PBXBuildFile; fileRef = 5AC17C752064A3C900535C8C /* FMDatabasePool.m */; };
		5AC17C892064A3C900535C8C /* FMResultSet.m in Sources */ = {isa = PBXBuildFile; fileRef = 5AC17C762064A3C900535C8C /* FMResultSet.m */; };
		5AC17C8A2064A3C900535C8C /* XMResource.bundle in Resources */ = {isa = PBXBuildFile; fileRef = 5AC17C782064A3C900535C8C /* XMResource.bundle */; };
		5AC17C912064A8B700535C8C /* AlbumCell.swift in Sources */ = {isa = PBXBuildFile; fileRef = 5AC17C8F2064A8B700535C8C /* AlbumCell.swift */; };
		5AC17C922064A8B700535C8C /* AlbumCell.xib in Resources */ = {isa = PBXBuildFile; fileRef = 5AC17C902064A8B700535C8C /* AlbumCell.xib */; };
		5AC17C942064CB8200535C8C /* XMAlbumsVM.swift in Sources */ = {isa = PBXBuildFile; fileRef = 5AC17C932064CB8200535C8C /* XMAlbumsVM.swift */; };
		5AC17C962064DCC700535C8C /* libsqlite3.tbd in Frameworks */ = {isa = PBXBuildFile; fileRef = 5AC17C952064DCC700535C8C /* libsqlite3.tbd */; };
		5AC17C982064DCCF00535C8C /* libz.1.tbd in Frameworks */ = {isa = PBXBuildFile; fileRef = 5AC17C972064DCCF00535C8C /* libz.1.tbd */; };
		5AC17C9F2064E5AD00535C8C /* libc++abi.tbd in Frameworks */ = {isa = PBXBuildFile; fileRef = 5AC17C9E2064E5AD00535C8C /* libc++abi.tbd */; };
		5AC17CA62064FD8A00535C8C /* XMAlbumDetaliVC.swift in Sources */ = {isa = PBXBuildFile; fileRef = 5AC17CA42064FD8A00535C8C /* XMAlbumDetaliVC.swift */; };
		5AC17CA72064FD8A00535C8C /* XMAlbumDetaliVC.xib in Resources */ = {isa = PBXBuildFile; fileRef = 5AC17CA52064FD8A00535C8C /* XMAlbumDetaliVC.xib */; };
		5AC17CAA2065005C00535C8C /* TrackCell.swift in Sources */ = {isa = PBXBuildFile; fileRef = 5AC17CA82065005C00535C8C /* TrackCell.swift */; };
		5AC17CAB2065005C00535C8C /* TrackCell.xib in Resources */ = {isa = PBXBuildFile; fileRef = 5AC17CA92065005C00535C8C /* TrackCell.xib */; };
		5AFE03082071C24E0005F31C /* MsgFrameModel.swift in Sources */ = {isa = PBXBuildFile; fileRef = 5AFE03072071C24E0005F31C /* MsgFrameModel.swift */; };
		5AFE030A2071C4780005F31C /* GroupMsgModel.swift in Sources */ = {isa = PBXBuildFile; fileRef = 5AFE03092071C4780005F31C /* GroupMsgModel.swift */; };
		5AFE030C2071FBFE0005F31C /* GroupMsgViewModel.swift in Sources */ = {isa = PBXBuildFile; fileRef = 5AFE030B2071FBFE0005F31C /* GroupMsgViewModel.swift */; };
		7CA7E631BD2E5CF0591173D1 /* Pods_THSmart.framework in Frameworks */ = {isa = PBXBuildFile; fileRef = D8BB3B8E7D71CBE87539EA46 /* Pods_THSmart.framework */; };
/* End PBXBuildFile section */

/* Begin PBXFileReference section */
		5A189BA52060B09500A6BF08 /* UIColor+extention.swift */ = {isa = PBXFileReference; fileEncoding = 4; lastKnownFileType = sourcecode.swift; path = "UIColor+extention.swift"; sourceTree = "<group>"; };
		5A189BA92060B40E00A6BF08 /* UIImage+extension.swift */ = {isa = PBXFileReference; lastKnownFileType = sourcecode.swift; path = "UIImage+extension.swift"; sourceTree = "<group>"; };
		5A189BAB2060D41400A6BF08 /* BaseNavigationController.swift */ = {isa = PBXFileReference; lastKnownFileType = sourcecode.swift; path = BaseNavigationController.swift; sourceTree = "<group>"; };
		5A189BAD2060D52B00A6BF08 /* GroupMsgVC.swift */ = {isa = PBXFileReference; lastKnownFileType = sourcecode.swift; path = GroupMsgVC.swift; sourceTree = "<group>"; };
		5A189BAE2060D52B00A6BF08 /* GroupMsgVC.xib */ = {isa = PBXFileReference; lastKnownFileType = file.xib; path = GroupMsgVC.xib; sourceTree = "<group>"; };
		5A189BB12060D7C400A6BF08 /* UIBarButtonItem+Extension.swift */ = {isa = PBXFileReference; fileEncoding = 4; lastKnownFileType = sourcecode.swift; path = "UIBarButtonItem+Extension.swift"; sourceTree = "<group>"; };
		5A189BB22060D7C400A6BF08 /* Label+Extension.swift */ = {isa = PBXFileReference; fileEncoding = 4; lastKnownFileType = sourcecode.swift; path = "Label+Extension.swift"; sourceTree = "<group>"; };
		5A189BB32060D7C400A6BF08 /* UIButton+Extension.swift */ = {isa = PBXFileReference; fileEncoding = 4; lastKnownFileType = sourcecode.swift; path = "UIButton+Extension.swift"; sourceTree = "<group>"; };
		5A189BB72060F42E00A6BF08 /* BaseTableViewCell.swift */ = {isa = PBXFileReference; lastKnownFileType = sourcecode.swift; path = BaseTableViewCell.swift; sourceTree = "<group>"; };
		5A189BB92060F51300A6BF08 /* MsgHomeCell.swift */ = {isa = PBXFileReference; lastKnownFileType = sourcecode.swift; path = MsgHomeCell.swift; sourceTree = "<group>"; };
		5A189BBA2060F51300A6BF08 /* MsgHomeCell.xib */ = {isa = PBXFileReference; lastKnownFileType = file.xib; path = MsgHomeCell.xib; sourceTree = "<group>"; };
		5A189BBD2060FD8B00A6BF08 /* MsgHomeModel.swift */ = {isa = PBXFileReference; lastKnownFileType = sourcecode.swift; path = MsgHomeModel.swift; sourceTree = "<group>"; };
		5A189BBF2060FE0700A6BF08 /* NetWorkTools.swift */ = {isa = PBXFileReference; fileEncoding = 4; lastKnownFileType = sourcecode.swift; path = NetWorkTools.swift; sourceTree = "<group>"; };
		5A189BC32060FEB000A6BF08 /* MessageHomeViewModel.swift */ = {isa = PBXFileReference; lastKnownFileType = sourcecode.swift; path = MessageHomeViewModel.swift; sourceTree = "<group>"; };
		5A189BC52061F14700A6BF08 /* PageView.swift */ = {isa = PBXFileReference; lastKnownFileType = sourcecode.swift; path = PageView.swift; sourceTree = "<group>"; };
		5A189BC92061F31000A6BF08 /* EducationVC.swift */ = {isa = PBXFileReference; lastKnownFileType = sourcecode.swift; path = EducationVC.swift; sourceTree = "<group>"; };
		5A189BCD206232A700A6BF08 /* PageView.xib */ = {isa = PBXFileReference; lastKnownFileType = file.xib; path = PageView.xib; sourceTree = "<group>"; };
		5A1A8209206B77520006E56B /* Equipment.swift */ = {isa = PBXFileReference; lastKnownFileType = sourcecode.swift; path = Equipment.swift; sourceTree = "<group>"; };
		5A1A820D206B81DA0006E56B /* LoginVC.swift */ = {isa = PBXFileReference; lastKnownFileType = sourcecode.swift; path = LoginVC.swift; sourceTree = "<group>"; };
		5A1A820E206B81DA0006E56B /* LoginVC.xib */ = {isa = PBXFileReference; lastKnownFileType = file.xib; path = LoginVC.xib; sourceTree = "<group>"; };
		5A1A8211206B884F0006E56B /* UIView+Extension.swift */ = {isa = PBXFileReference; lastKnownFileType = sourcecode.swift; path = "UIView+Extension.swift"; sourceTree = "<group>"; };
		5A1A8213206C85B80006E56B /* Validate.swift */ = {isa = PBXFileReference; lastKnownFileType = sourcecode.swift; path = Validate.swift; sourceTree = "<group>"; };
		5A1A8215206C862D0006E56B /* LoginVM.swift */ = {isa = PBXFileReference; lastKnownFileType = sourcecode.swift; path = LoginVM.swift; sourceTree = "<group>"; };
		5A1A8217206C8BCE0006E56B /* Global.swift */ = {isa = PBXFileReference; lastKnownFileType = sourcecode.swift; path = Global.swift; sourceTree = "<group>"; };
		5A1A8219206CD8880006E56B /* Podfile */ = {isa = PBXFileReference; fileEncoding = 4; lastKnownFileType = text; path = Podfile; sourceTree = "<group>"; xcLanguageSpecificationIdentifier = xcode.lang.ruby; };
		5A1A821B206CE0BC0006E56B /* RegisterVC.swift */ = {isa = PBXFileReference; lastKnownFileType = sourcecode.swift; path = RegisterVC.swift; sourceTree = "<group>"; };
		5A1A821C206CE0BC0006E56B /* RegisterVC.xib */ = {isa = PBXFileReference; lastKnownFileType = file.xib; path = RegisterVC.xib; sourceTree = "<group>"; };
		5A1A821F206CE30A0006E56B /* RegisterVM.swift */ = {isa = PBXFileReference; lastKnownFileType = sourcecode.swift; path = RegisterVM.swift; sourceTree = "<group>"; };
		5A1A8221206CE6A70006E56B /* RegisterVC1.swift */ = {isa = PBXFileReference; lastKnownFileType = sourcecode.swift; path = RegisterVC1.swift; sourceTree = "<group>"; };
		5A1A8222206CE6A70006E56B /* RegisterVC1.xib */ = {isa = PBXFileReference; lastKnownFileType = file.xib; path = RegisterVC1.xib; sourceTree = "<group>"; };
		5A1A8225206CEA350006E56B /* RegisterVC2.swift */ = {isa = PBXFileReference; lastKnownFileType = sourcecode.swift; path = RegisterVC2.swift; sourceTree = "<group>"; };
		5A1A8226206CEA350006E56B /* RegisterVC2.xib */ = {isa = PBXFileReference; lastKnownFileType = file.xib; path = RegisterVC2.xib; sourceTree = "<group>"; };
		5A1A8229206DC9480006E56B /* WebViewVC.swift */ = {isa = PBXFileReference; lastKnownFileType = sourcecode.swift; path = WebViewVC.swift; sourceTree = "<group>"; };
		5A1A822A206DC9480006E56B /* WebViewVC.xib */ = {isa = PBXFileReference; lastKnownFileType = file.xib; path = WebViewVC.xib; sourceTree = "<group>"; };
		5A1A822D206E14D80006E56B /* GroupMsgCell.swift */ = {isa = PBXFileReference; lastKnownFileType = sourcecode.swift; path = GroupMsgCell.swift; sourceTree = "<group>"; };
		5A1A822E206E14D80006E56B /* GroupMsgCell.xib */ = {isa = PBXFileReference; lastKnownFileType = file.xib; path = GroupMsgCell.xib; sourceTree = "<group>"; };
		5A1A8231206E25B80006E56B /* String+Extension.swift */ = {isa = PBXFileReference; lastKnownFileType = sourcecode.swift; path = "String+Extension.swift"; sourceTree = "<group>"; };
		5A4E0F8420730C7F00CF04AD /* ProfileVC.swift */ = {isa = PBXFileReference; lastKnownFileType = sourcecode.swift; path = ProfileVC.swift; sourceTree = "<group>"; };
		5A4E0F862073163A00CF04AD /* UserInfoVC.swift */ = {isa = PBXFileReference; lastKnownFileType = sourcecode.swift; path = UserInfoVC.swift; sourceTree = "<group>"; };
		5A4E0F872073163A00CF04AD /* UserInfoVC.xib */ = {isa = PBXFileReference; lastKnownFileType = file.xib; path = UserInfoVC.xib; sourceTree = "<group>"; };
		5A4E0F8A207317D000CF04AD /* UserInfoCell.swift */ = {isa = PBXFileReference; lastKnownFileType = sourcecode.swift; path = UserInfoCell.swift; sourceTree = "<group>"; };
		5A4E0F8B207317D000CF04AD /* UserInfoCell.xib */ = {isa = PBXFileReference; lastKnownFileType = file.xib; path = UserInfoCell.xib; sourceTree = "<group>"; };
		5A4E0F8E207318D000CF04AD /* UserInfoModel.swift */ = {isa = PBXFileReference; lastKnownFileType = sourcecode.swift; path = UserInfoModel.swift; sourceTree = "<group>"; };
		5A4E0F9020731D8A00CF04AD /* UserInfoViewModel.swift */ = {isa = PBXFileReference; lastKnownFileType = sourcecode.swift; path = UserInfoViewModel.swift; sourceTree = "<group>"; };
		5A4E0F922073217D00CF04AD /* PhotoCenter.swift */ = {isa = PBXFileReference; lastKnownFileType = sourcecode.swift; path = PhotoCenter.swift; sourceTree = "<group>"; };
		5A4E0F94207364C600CF04AD /* DevListVC.swift */ = {isa = PBXFileReference; lastKnownFileType = sourcecode.swift; path = DevListVC.swift; sourceTree = "<group>"; };
		5A4E0F95207364C600CF04AD /* DevListVC.xib */ = {isa = PBXFileReference; lastKnownFileType = file.xib; path = DevListVC.xib; sourceTree = "<group>"; };
		5A4E0F98207364D900CF04AD /* DevSetVC.swift */ = {isa = PBXFileReference; lastKnownFileType = sourcecode.swift; path = DevSetVC.swift; sourceTree = "<group>"; };
		5A4E0F99207364D900CF04AD /* DevSetVC.xib */ = {isa = PBXFileReference; lastKnownFileType = file.xib; path = DevSetVC.xib; sourceTree = "<group>"; };
		5A4E0F9C207364F000CF04AD /* SetWIFIVC.swift */ = {isa = PBXFileReference; lastKnownFileType = sourcecode.swift; path = SetWIFIVC.swift; sourceTree = "<group>"; };
		5A4E0F9D207364F000CF04AD /* SetWIFIVC.xib */ = {isa = PBXFileReference; lastKnownFileType = file.xib; path = SetWIFIVC.xib; sourceTree = "<group>"; };
		5A4E0FA02073650300CF04AD /* GetWIFIVC.swift */ = {isa = PBXFileReference; lastKnownFileType = sourcecode.swift; path = GetWIFIVC.swift; sourceTree = "<group>"; };
		5A4E0FA12073650300CF04AD /* GetWIFIVC.xib */ = {isa = PBXFileReference; lastKnownFileType = file.xib; path = GetWIFIVC.xib; sourceTree = "<group>"; };
		5A4E0FA42073655200CF04AD /* SearchDev.swift */ = {isa = PBXFileReference; lastKnownFileType = sourcecode.swift; path = SearchDev.swift; sourceTree = "<group>"; };
		5A4E0FA52073655200CF04AD /* SearchDev.xib */ = {isa = PBXFileReference; lastKnownFileType = file.xib; path = SearchDev.xib; sourceTree = "<group>"; };
		5A4E0FA82073656700CF04AD /* ScanAddDev.swift */ = {isa = PBXFileReference; lastKnownFileType = sourcecode.swift; path = ScanAddDev.swift; sourceTree = "<group>"; };
		5A4E0FA92073656800CF04AD /* ScanAddDev.xib */ = {isa = PBXFileReference; lastKnownFileType = file.xib; path = ScanAddDev.xib; sourceTree = "<group>"; };
		5A4E0FAC2073676400CF04AD /* DevCell.swift */ = {isa = PBXFileReference; lastKnownFileType = sourcecode.swift; path = DevCell.swift; sourceTree = "<group>"; };
		5A4E0FAD2073676400CF04AD /* DevCell.xib */ = {isa = PBXFileReference; lastKnownFileType = file.xib; path = DevCell.xib; sourceTree = "<group>"; };
		5A80AF41206099A3008B9458 /* THSmart.app */ = {isa = PBXFileReference; explicitFileType = wrapper.application; includeInIndex = 0; path = THSmart.app; sourceTree = BUILT_PRODUCTS_DIR; };
		5A80AF44206099A3008B9458 /* AppDelegate.swift */ = {isa = PBXFileReference; lastKnownFileType = sourcecode.swift; path = AppDelegate.swift; sourceTree = "<group>"; };
		5A80AF46206099A3008B9458 /* ViewController.swift */ = {isa = PBXFileReference; lastKnownFileType = sourcecode.swift; path = ViewController.swift; sourceTree = "<group>"; };
		5A80AF49206099A3008B9458 /* Base */ = {isa = PBXFileReference; lastKnownFileType = file.storyboard; name = Base; path = Base.lproj/Main.storyboard; sourceTree = "<group>"; };
		5A80AF4B206099A3008B9458 /* Assets.xcassets */ = {isa = PBXFileReference; lastKnownFileType = folder.assetcatalog; path = Assets.xcassets; sourceTree = "<group>"; };
		5A80AF4E206099A3008B9458 /* Base */ = {isa = PBXFileReference; lastKnownFileType = file.storyboard; name = Base; path = Base.lproj/LaunchScreen.storyboard; sourceTree = "<group>"; };
		5A80AF50206099A3008B9458 /* Info.plist */ = {isa = PBXFileReference; lastKnownFileType = text.plist.xml; path = Info.plist; sourceTree = "<group>"; };
		5A80AF712060A26B008B9458 /* Base */ = {isa = PBXFileReference; lastKnownFileType = file.storyboard; name = Base; path = THSmart/Base.lproj/Message.storyboard; sourceTree = "<group>"; };
		5A80AF742060A29D008B9458 /* Base */ = {isa = PBXFileReference; lastKnownFileType = file.storyboard; name = Base; path = THSmart/Base.lproj/Education.storyboard; sourceTree = "<group>"; };
		5A80AF772060A2C1008B9458 /* Base */ = {isa = PBXFileReference; lastKnownFileType = file.storyboard; name = Base; path = THSmart/Base.lproj/Profile.storyboard; sourceTree = "<group>"; };
		5A80AF7D2060A72D008B9458 /* BaseViewController.swift */ = {isa = PBXFileReference; lastKnownFileType = sourcecode.swift; path = BaseViewController.swift; sourceTree = "<group>"; };
		5A80AF7F2060A7F3008B9458 /* MessageHomeVC.swift */ = {isa = PBXFileReference; lastKnownFileType = sourcecode.swift; path = MessageHomeVC.swift; sourceTree = "<group>"; };
		5AB78D7B20687C97009A4F2E /* XMAlbumsVC.swift */ = {isa = PBXFileReference; lastKnownFileType = sourcecode.swift; path = XMAlbumsVC.swift; sourceTree = "<group>"; };
		5AB78D7C20687C97009A4F2E /* XMAlbumsVC.xib */ = {isa = PBXFileReference; lastKnownFileType = file.xib; path = XMAlbumsVC.xib; sourceTree = "<group>"; };
		5AB78D7F2068817B009A4F2E /* XMAlbumDetaliVM.swift */ = {isa = PBXFileReference; lastKnownFileType = sourcecode.swift; path = XMAlbumDetaliVM.swift; sourceTree = "<group>"; };
		5AB78D8120688C27009A4F2E /* MusicPlayerView.swift */ = {isa = PBXFileReference; lastKnownFileType = sourcecode.swift; path = MusicPlayerView.swift; sourceTree = "<group>"; };
		5AB78D8320688C2F009A4F2E /* MusicPlayerView.xib */ = {isa = PBXFileReference; lastKnownFileType = file.xib; path = MusicPlayerView.xib; sourceTree = "<group>"; };
		5AB78D8C2068CA32009A4F2E /* HYSlider.h */ = {isa = PBXFileReference; fileEncoding = 4; lastKnownFileType = sourcecode.c.h; path = HYSlider.h; sourceTree = "<group>"; };
		5AB78D8D2068CA32009A4F2E /* HYSlider.m */ = {isa = PBXFileReference; fileEncoding = 4; lastKnownFileType = sourcecode.c.objc; path = HYSlider.m; sourceTree = "<group>"; };
		5AC17C382064A3AA00535C8C /* THSmart-Bridging-Header.h */ = {isa = PBXFileReference; lastKnownFileType = sourcecode.c.h; path = "THSmart-Bridging-Header.h"; sourceTree = "<group>"; };
		5AC17C3D2064A3C900535C8C /* libXMOpenPlatform.a */ = {isa = PBXFileReference; lastKnownFileType = archive.ar; path = libXMOpenPlatform.a; sourceTree = "<group>"; };
		5AC17C402064A3C900535C8C /* XMSDKDownloadManager.h */ = {isa = PBXFileReference; fileEncoding = 4; lastKnownFileType = sourcecode.c.h; path = XMSDKDownloadManager.h; sourceTree = "<group>"; };
		5AC17C422064A3C900535C8C /* XMAttribute.h */ = {isa = PBXFileReference; fileEncoding = 4; lastKnownFileType = sourcecode.c.h; path = XMAttribute.h; sourceTree = "<group>"; };
		5AC17C432064A3C900535C8C /* XMAlbum.h */ = {isa = PBXFileReference; fileEncoding = 4; lastKnownFileType = sourcecode.c.h; path = XMAlbum.h; sourceTree = "<group>"; };
		5AC17C442064A3C900535C8C /* XMCategory.h */ = {isa = PBXFileReference; fileEncoding = 4; lastKnownFileType = sourcecode.c.h; path = XMCategory.h; sourceTree = "<group>"; };
		5AC17C452064A3C900535C8C /* XMColdbootTag.h */ = {isa = PBXFileReference; fileEncoding = 4; lastKnownFileType = sourcecode.c.h; path = XMColdbootTag.h; sourceTree = "<group>"; };
		5AC17C462064A3C900535C8C /* XMHotTrack.h */ = {isa = PBXFileReference; fileEncoding = 4; lastKnownFileType = sourcecode.c.h; path = XMHotTrack.h; sourceTree = "<group>"; };
		5AC17C472064A3C900535C8C /* XMDimension.h */ = {isa = PBXFileReference; fileEncoding = 4; lastKnownFileType = sourcecode.c.h; path = XMDimension.h; sourceTree = "<group>"; };
		5AC17C482064A3C900535C8C /* XMColumn.h */ = {isa = PBXFileReference; fileEncoding = 4; lastKnownFileType = sourcecode.c.h; path = XMColumn.h; sourceTree = "<group>"; };
		5AC17C492064A3C900535C8C /* XMAlbumColumn.h */ = {isa = PBXFileReference; fileEncoding = 4; lastKnownFileType = sourcecode.c.h; path = XMAlbumColumn.h; sourceTree = "<group>"; };
		5AC17C4A2064A3C900535C8C /* XMTrack.h */ = {isa = PBXFileReference; fileEncoding = 4; lastKnownFileType = sourcecode.c.h; path = XMTrack.h; sourceTree = "<group>"; };
		5AC17C4B2064A3C900535C8C /* XMRadio.h */ = {isa = PBXFileReference; fileEncoding = 4; lastKnownFileType = sourcecode.c.h; path = XMRadio.h; sourceTree = "<group>"; };
		5AC17C4C2064A3C900535C8C /* XMTag.h */ = {isa = PBXFileReference; fileEncoding = 4; lastKnownFileType = sourcecode.c.h; path = XMTag.h; sourceTree = "<group>"; };
		5AC17C4D2064A3C900535C8C /* XMIndexRankItem.h */ = {isa = PBXFileReference; fileEncoding = 4; lastKnownFileType = sourcecode.c.h; path = XMIndexRankItem.h; sourceTree = "<group>"; };
		5AC17C4E2064A3C900535C8C /* XMColdbootDetail.h */ = {isa = PBXFileReference; fileEncoding = 4; lastKnownFileType = sourcecode.c.h; path = XMColdbootDetail.h; sourceTree = "<group>"; };
		5AC17C4F2064A3C900535C8C /* XMRadioSchedule.h */ = {isa = PBXFileReference; fileEncoding = 4; lastKnownFileType = sourcecode.c.h; path = XMRadioSchedule.h; sourceTree = "<group>"; };
		5AC17C502064A3C900535C8C /* XMCategoryHumanRecommend.h */ = {isa = PBXFileReference; fileEncoding = 4; lastKnownFileType = sourcecode.c.h; path = XMCategoryHumanRecommend.h; sourceTree = "<group>"; };
		5AC17C512064A3C900535C8C /* XMSubordinatedAlbum.h */ = {isa = PBXFileReference; fileEncoding = 4; lastKnownFileType = sourcecode.c.h; path = XMSubordinatedAlbum.h; sourceTree = "<group>"; };
		5AC17C522064A3C900535C8C /* XMTrackColumnItem.h */ = {isa = PBXFileReference; fileEncoding = 4; lastKnownFileType = sourcecode.c.h; path = XMTrackColumnItem.h; sourceTree = "<group>"; };
		5AC17C532064A3C900535C8C /* XMLiveAnnouncer.h */ = {isa = PBXFileReference; fileEncoding = 4; lastKnownFileType = sourcecode.c.h; path = XMLiveAnnouncer.h; sourceTree = "<group>"; };
		5AC17C542064A3C900535C8C /* XMAnnouncer.h */ = {isa = PBXFileReference; fileEncoding = 4; lastKnownFileType = sourcecode.c.h; path = XMAnnouncer.h; sourceTree = "<group>"; };
		5AC17C552064A3C900535C8C /* XMTrackDownloadStatus.h */ = {isa = PBXFileReference; fileEncoding = 4; lastKnownFileType = sourcecode.c.h; path = XMTrackDownloadStatus.h; sourceTree = "<group>"; };
		5AC17C562064A3C900535C8C /* XMErrorModel.h */ = {isa = PBXFileReference; fileEncoding = 4; lastKnownFileType = sourcecode.c.h; path = XMErrorModel.h; sourceTree = "<group>"; };
		5AC17C572064A3C900535C8C /* XMLastUptrack.h */ = {isa = PBXFileReference; fileEncoding = 4; lastKnownFileType = sourcecode.c.h; path = XMLastUptrack.h; sourceTree = "<group>"; };
		5AC17C582064A3C900535C8C /* XMAlbumGuessLike.h */ = {isa = PBXFileReference; fileEncoding = 4; lastKnownFileType = sourcecode.c.h; path = XMAlbumGuessLike.h; sourceTree = "<group>"; };
		5AC17C592064A3C900535C8C /* XMCacheTrack.h */ = {isa = PBXFileReference; fileEncoding = 4; lastKnownFileType = sourcecode.c.h; path = XMCacheTrack.h; sourceTree = "<group>"; };
		5AC17C5A2064A3C900535C8C /* XMBanner.h */ = {isa = PBXFileReference; fileEncoding = 4; lastKnownFileType = sourcecode.c.h; path = XMBanner.h; sourceTree = "<group>"; };
		5AC17C5B2064A3C900535C8C /* XMLiveCity.h */ = {isa = PBXFileReference; fileEncoding = 4; lastKnownFileType = sourcecode.c.h; path = XMLiveCity.h; sourceTree = "<group>"; };
		5AC17C5C2064A3C900535C8C /* XMMetadata.h */ = {isa = PBXFileReference; fileEncoding = 4; lastKnownFileType = sourcecode.c.h; path = XMMetadata.h; sourceTree = "<group>"; };
		5AC17C5D2064A3C900535C8C /* XMColumnList.h */ = {isa = PBXFileReference; fileEncoding = 4; lastKnownFileType = sourcecode.c.h; path = XMColumnList.h; sourceTree = "<group>"; };
		5AC17C5E2064A3C900535C8C /* XMColumnDetail.h */ = {isa = PBXFileReference; fileEncoding = 4; lastKnownFileType = sourcecode.c.h; path = XMColumnDetail.h; sourceTree = "<group>"; };
		5AC17C5F2064A3C900535C8C /* XMAlbumColumnItem.h */ = {isa = PBXFileReference; fileEncoding = 4; lastKnownFileType = sourcecode.c.h; path = XMAlbumColumnItem.h; sourceTree = "<group>"; };
		5AC17C602064A3C900535C8C /* XMProvince.h */ = {isa = PBXFileReference; fileEncoding = 4; lastKnownFileType = sourcecode.c.h; path = XMProvince.h; sourceTree = "<group>"; };
		5AC17C612064A3C900535C8C /* XMTrackColumn.h */ = {isa = PBXFileReference; fileEncoding = 4; lastKnownFileType = sourcecode.c.h; path = XMTrackColumn.h; sourceTree = "<group>"; };
		5AC17C622064A3C900535C8C /* XMHotword.h */ = {isa = PBXFileReference; fileEncoding = 4; lastKnownFileType = sourcecode.c.h; path = XMHotword.h; sourceTree = "<group>"; };
		5AC17C632064A3C900535C8C /* XMRankSectionList.h */ = {isa = PBXFileReference; fileEncoding = 4; lastKnownFileType = sourcecode.c.h; path = XMRankSectionList.h; sourceTree = "<group>"; };
		5AC17C642064A3C900535C8C /* XMColumnEditor.h */ = {isa = PBXFileReference; fileEncoding = 4; lastKnownFileType = sourcecode.c.h; path = XMColumnEditor.h; sourceTree = "<group>"; };
		5AC17C652064A3C900535C8C /* XMRelatedProgram.h */ = {isa = PBXFileReference; fileEncoding = 4; lastKnownFileType = sourcecode.c.h; path = XMRelatedProgram.h; sourceTree = "<group>"; };
		5AC17C662064A3C900535C8C /* XMAnnouncerCategory.h */ = {isa = PBXFileReference; fileEncoding = 4; lastKnownFileType = sourcecode.c.h; path = XMAnnouncerCategory.h; sourceTree = "<group>"; };
		5AC17C682064A3C900535C8C /* MBProgressHUD.m */ = {isa = PBXFileReference; fileEncoding = 4; lastKnownFileType = sourcecode.c.objc; path = MBProgressHUD.m; sourceTree = "<group>"; };
		5AC17C692064A3C900535C8C /* MBProgressHUD.h */ = {isa = PBXFileReference; fileEncoding = 4; lastKnownFileType = sourcecode.c.h; path = MBProgressHUD.h; sourceTree = "<group>"; };
		5AC17C6B2064A3C900535C8C /* XMReqMgr.h */ = {isa = PBXFileReference; fileEncoding = 4; lastKnownFileType = sourcecode.c.h; path = XMReqMgr.h; sourceTree = "<group>"; };
		5AC17C6D2064A3C900535C8C /* FMDatabase.h */ = {isa = PBXFileReference; fileEncoding = 4; lastKnownFileType = sourcecode.c.h; path = FMDatabase.h; sourceTree = "<group>"; };
		5AC17C6E2064A3C900535C8C /* FMDatabaseQueue.m */ = {isa = PBXFileReference; fileEncoding = 4; lastKnownFileType = sourcecode.c.objc; path = FMDatabaseQueue.m; sourceTree = "<group>"; };
		5AC17C6F2064A3C900535C8C /* FMResultSet.h */ = {isa = PBXFileReference; fileEncoding = 4; lastKnownFileType = sourcecode.c.h; path = FMResultSet.h; sourceTree = "<group>"; };
		5AC17C702064A3C900535C8C /* FMDatabasePool.h */ = {isa = PBXFileReference; fileEncoding = 4; lastKnownFileType = sourcecode.c.h; path = FMDatabasePool.h; sourceTree = "<group>"; };
		5AC17C712064A3C900535C8C /* FMDatabaseAdditions.m */ = {isa = PBXFileReference; fileEncoding = 4; lastKnownFileType = sourcecode.c.objc; path = FMDatabaseAdditions.m; sourceTree = "<group>"; };
		5AC17C722064A3C900535C8C /* FMDatabase.m */ = {isa = PBXFileReference; fileEncoding = 4; lastKnownFileType = sourcecode.c.objc; path = FMDatabase.m; sourceTree = "<group>"; };
		5AC17C732064A3C900535C8C /* FMDatabaseQueue.h */ = {isa = PBXFileReference; fileEncoding = 4; lastKnownFileType = sourcecode.c.h; path = FMDatabaseQueue.h; sourceTree = "<group>"; };
		5AC17C742064A3C900535C8C /* FMDatabaseAdditions.h */ = {isa = PBXFileReference; fileEncoding = 4; lastKnownFileType = sourcecode.c.h; path = FMDatabaseAdditions.h; sourceTree = "<group>"; };
		5AC17C752064A3C900535C8C /* FMDatabasePool.m */ = {isa = PBXFileReference; fileEncoding = 4; lastKnownFileType = sourcecode.c.objc; path = FMDatabasePool.m; sourceTree = "<group>"; };
		5AC17C762064A3C900535C8C /* FMResultSet.m */ = {isa = PBXFileReference; fileEncoding = 4; lastKnownFileType = sourcecode.c.objc; path = FMResultSet.m; sourceTree = "<group>"; };
		5AC17C782064A3C900535C8C /* XMResource.bundle */ = {isa = PBXFileReference; lastKnownFileType = "wrapper.plug-in"; path = XMResource.bundle; sourceTree = "<group>"; };
		5AC17C7A2064A3C900535C8C /* XMLYAuthorize.h */ = {isa = PBXFileReference; fileEncoding = 4; lastKnownFileType = sourcecode.c.h; path = XMLYAuthorize.h; sourceTree = "<group>"; };
		5AC17C7C2064A3C900535C8C /* XMSDKPlayerDataCollector.h */ = {isa = PBXFileReference; fileEncoding = 4; lastKnownFileType = sourcecode.c.h; path = XMSDKPlayerDataCollector.h; sourceTree = "<group>"; };
		5AC17C7D2064A3C900535C8C /* XMADAudioPlayer.h */ = {isa = PBXFileReference; fileEncoding = 4; lastKnownFileType = sourcecode.c.h; path = XMADAudioPlayer.h; sourceTree = "<group>"; };
		5AC17C7E2064A3C900535C8C /* XMSDKPlayer.h */ = {isa = PBXFileReference; fileEncoding = 4; lastKnownFileType = sourcecode.c.h; path = XMSDKPlayer.h; sourceTree = "<group>"; };
		5AC17C802064A3C900535C8C /* XMSingleTone.h */ = {isa = PBXFileReference; fileEncoding = 4; lastKnownFileType = sourcecode.c.h; path = XMSingleTone.h; sourceTree = "<group>"; };
		5AC17C812064A3C900535C8C /* XMSDKInfo.h */ = {isa = PBXFileReference; fileEncoding = 4; lastKnownFileType = sourcecode.c.h; path = XMSDKInfo.h; sourceTree = "<group>"; };
		5AC17C822064A3C900535C8C /* XMSDK.h */ = {isa = PBXFileReference; fileEncoding = 4; lastKnownFileType = sourcecode.c.h; path = XMSDK.h; sourceTree = "<group>"; };
		5AC17C8F2064A8B700535C8C /* AlbumCell.swift */ = {isa = PBXFileReference; lastKnownFileType = sourcecode.swift; path = AlbumCell.swift; sourceTree = "<group>"; };
		5AC17C902064A8B700535C8C /* AlbumCell.xib */ = {isa = PBXFileReference; lastKnownFileType = file.xib; path = AlbumCell.xib; sourceTree = "<group>"; };
		5AC17C932064CB8200535C8C /* XMAlbumsVM.swift */ = {isa = PBXFileReference; lastKnownFileType = sourcecode.swift; path = XMAlbumsVM.swift; sourceTree = "<group>"; };
		5AC17C952064DCC700535C8C /* libsqlite3.tbd */ = {isa = PBXFileReference; lastKnownFileType = "sourcecode.text-based-dylib-definition"; name = libsqlite3.tbd; path = usr/lib/libsqlite3.tbd; sourceTree = SDKROOT; };
		5AC17C972064DCCF00535C8C /* libz.1.tbd */ = {isa = PBXFileReference; lastKnownFileType = "sourcecode.text-based-dylib-definition"; name = libz.1.tbd; path = usr/lib/libz.1.tbd; sourceTree = SDKROOT; };
		5AC17C9E2064E5AD00535C8C /* libc++abi.tbd */ = {isa = PBXFileReference; lastKnownFileType = "sourcecode.text-based-dylib-definition"; name = "libc++abi.tbd"; path = "usr/lib/libc++abi.tbd"; sourceTree = SDKROOT; };
		5AC17CA42064FD8A00535C8C /* XMAlbumDetaliVC.swift */ = {isa = PBXFileReference; lastKnownFileType = sourcecode.swift; path = XMAlbumDetaliVC.swift; sourceTree = "<group>"; };
		5AC17CA52064FD8A00535C8C /* XMAlbumDetaliVC.xib */ = {isa = PBXFileReference; lastKnownFileType = file.xib; path = XMAlbumDetaliVC.xib; sourceTree = "<group>"; };
		5AC17CA82065005C00535C8C /* TrackCell.swift */ = {isa = PBXFileReference; lastKnownFileType = sourcecode.swift; path = TrackCell.swift; sourceTree = "<group>"; };
		5AC17CA92065005C00535C8C /* TrackCell.xib */ = {isa = PBXFileReference; lastKnownFileType = file.xib; path = TrackCell.xib; sourceTree = "<group>"; };
		5AFE03072071C24E0005F31C /* MsgFrameModel.swift */ = {isa = PBXFileReference; lastKnownFileType = sourcecode.swift; path = MsgFrameModel.swift; sourceTree = "<group>"; };
		5AFE03092071C4780005F31C /* GroupMsgModel.swift */ = {isa = PBXFileReference; lastKnownFileType = sourcecode.swift; path = GroupMsgModel.swift; sourceTree = "<group>"; };
		5AFE030B2071FBFE0005F31C /* GroupMsgViewModel.swift */ = {isa = PBXFileReference; lastKnownFileType = sourcecode.swift; path = GroupMsgViewModel.swift; sourceTree = "<group>"; };
		BEC4A9EE6550C02944583B3B /* Pods-THSmart.release.xcconfig */ = {isa = PBXFileReference; includeInIndex = 1; lastKnownFileType = text.xcconfig; name = "Pods-THSmart.release.xcconfig"; path = "Pods/Target Support Files/Pods-THSmart/Pods-THSmart.release.xcconfig"; sourceTree = "<group>"; };
		D8BB3B8E7D71CBE87539EA46 /* Pods_THSmart.framework */ = {isa = PBXFileReference; explicitFileType = wrapper.framework; includeInIndex = 0; path = Pods_THSmart.framework; sourceTree = BUILT_PRODUCTS_DIR; };
		E596A7AF6D788D71DE152D43 /* Pods-THSmart.debug.xcconfig */ = {isa = PBXFileReference; includeInIndex = 1; lastKnownFileType = text.xcconfig; name = "Pods-THSmart.debug.xcconfig"; path = "Pods/Target Support Files/Pods-THSmart/Pods-THSmart.debug.xcconfig"; sourceTree = "<group>"; };
/* End PBXFileReference section */

/* Begin PBXFrameworksBuildPhase section */
		5A80AF3E206099A3008B9458 /* Frameworks */ = {
			isa = PBXFrameworksBuildPhase;
			buildActionMask = 2147483647;
			files = (
				5AC17C9F2064E5AD00535C8C /* libc++abi.tbd in Frameworks */,
				5AC17C982064DCCF00535C8C /* libz.1.tbd in Frameworks */,
				5AC17C962064DCC700535C8C /* libsqlite3.tbd in Frameworks */,
				7CA7E631BD2E5CF0591173D1 /* Pods_THSmart.framework in Frameworks */,
				5AC17C832064A3C900535C8C /* libXMOpenPlatform.a in Frameworks */,
			);
			runOnlyForDeploymentPostprocessing = 0;
		};
/* End PBXFrameworksBuildPhase section */

/* Begin PBXGroup section */
		5A1A820B206B81AF0006E56B /* Dev */ = {
			isa = PBXGroup;
			children = (
				5A4E0F94207364C600CF04AD /* DevListVC.swift */,
				5A4E0F95207364C600CF04AD /* DevListVC.xib */,
				5A4E0F98207364D900CF04AD /* DevSetVC.swift */,
				5A4E0F99207364D900CF04AD /* DevSetVC.xib */,
				5A4E0FA02073650300CF04AD /* GetWIFIVC.swift */,
				5A4E0FA12073650300CF04AD /* GetWIFIVC.xib */,
				5A4E0F9C207364F000CF04AD /* SetWIFIVC.swift */,
				5A4E0F9D207364F000CF04AD /* SetWIFIVC.xib */,
				5A4E0FA42073655200CF04AD /* SearchDev.swift */,
				5A4E0FA52073655200CF04AD /* SearchDev.xib */,
				5A4E0FA82073656700CF04AD /* ScanAddDev.swift */,
				5A4E0FA92073656800CF04AD /* ScanAddDev.xib */,
			);
			path = Dev;
			sourceTree = "<group>";
		};
		5A1A820C206B81AF0006E56B /* User */ = {
			isa = PBXGroup;
			children = (
				5A1A820D206B81DA0006E56B /* LoginVC.swift */,
				5A1A820E206B81DA0006E56B /* LoginVC.xib */,
				5A1A821B206CE0BC0006E56B /* RegisterVC.swift */,
				5A1A821C206CE0BC0006E56B /* RegisterVC.xib */,
				5A1A8221206CE6A70006E56B /* RegisterVC1.swift */,
				5A1A8222206CE6A70006E56B /* RegisterVC1.xib */,
				5A1A8225206CEA350006E56B /* RegisterVC2.swift */,
				5A1A8226206CEA350006E56B /* RegisterVC2.xib */,
				5A1A8229206DC9480006E56B /* WebViewVC.swift */,
				5A1A822A206DC9480006E56B /* WebViewVC.xib */,
				5A4E0F862073163A00CF04AD /* UserInfoVC.swift */,
				5A4E0F872073163A00CF04AD /* UserInfoVC.xib */,
			);
			path = User;
			sourceTree = "<group>";
		};
		5A80AF38206099A3008B9458 = {
			isa = PBXGroup;
			children = (
				5A1A8219206CD8880006E56B /* Podfile */,
				5A80AF43206099A3008B9458 /* THSmart */,
				5A80AF42206099A3008B9458 /* Products */,
				F206C4F96DCDDE6512820BE4 /* Pods */,
				5EE62DA7E2A99491450CA1B3 /* Frameworks */,
			);
			sourceTree = "<group>";
		};
		5A80AF42206099A3008B9458 /* Products */ = {
			isa = PBXGroup;
			children = (
				5A80AF41206099A3008B9458 /* THSmart.app */,
			);
			name = Products;
			sourceTree = "<group>";
		};
		5A80AF43206099A3008B9458 /* THSmart */ = {
			isa = PBXGroup;
			children = (
				5A80AF44206099A3008B9458 /* AppDelegate.swift */,
				5AC17C382064A3AA00535C8C /* THSmart-Bridging-Header.h */,
				5A80AF46206099A3008B9458 /* ViewController.swift */,
				5A1A8217206C8BCE0006E56B /* Global.swift */,
				5A80AF5620609F1B008B9458 /* Classes */,
				5A80AF48206099A3008B9458 /* Main.storyboard */,
				5A80AF702060A26B008B9458 /* Message.storyboard */,
				5A80AF732060A29D008B9458 /* Education.storyboard */,
				5A80AF762060A2C1008B9458 /* Profile.storyboard */,
				5A80AF4B206099A3008B9458 /* Assets.xcassets */,
				5A80AF4D206099A3008B9458 /* LaunchScreen.storyboard */,
				5A80AF50206099A3008B9458 /* Info.plist */,
			);
			path = THSmart;
			sourceTree = "<group>";
		};
		5A80AF5620609F1B008B9458 /* Classes */ = {
			isa = PBXGroup;
			children = (
				5A80AF6720609F1B008B9458 /* Main */,
				5A80AF5D20609F1B008B9458 /* Message */,
				5A80AF5820609F1B008B9458 /* Education */,
				5A80AF6220609F1B008B9458 /* Profile */,
				5A80AF5720609F1B008B9458 /* Tools */,
			);
			path = Classes;
			sourceTree = "<group>";
		};
		5A80AF5720609F1B008B9458 /* Tools */ = {
			isa = PBXGroup;
			children = (
				5A189BBF2060FE0700A6BF08 /* NetWorkTools.swift */,
				5A1A8213206C85B80006E56B /* Validate.swift */,
				5A4E0F922073217D00CF04AD /* PhotoCenter.swift */,
				5AB78D8520689221009A4F2E /* HYSlider */,
				5AC17BE62064992D00535C8C /* Extension */,
				5AC17C3C2064A3C900535C8C /* SDK */,
			);
			path = Tools;
			sourceTree = "<group>";
		};
		5A80AF5820609F1B008B9458 /* Education */ = {
			isa = PBXGroup;
			children = (
				5A80AF5B20609F1B008B9458 /* Controllers */,
				5A80AF5920609F1B008B9458 /* ViewModels */,
				5A80AF5A20609F1B008B9458 /* Models */,
				5A80AF5C20609F1B008B9458 /* Views */,
			);
			path = Education;
			sourceTree = "<group>";
		};
		5A80AF5920609F1B008B9458 /* ViewModels */ = {
			isa = PBXGroup;
			children = (
				5AC17C932064CB8200535C8C /* XMAlbumsVM.swift */,
				5AB78D7F2068817B009A4F2E /* XMAlbumDetaliVM.swift */,
			);
			path = ViewModels;
			sourceTree = "<group>";
		};
		5A80AF5A20609F1B008B9458 /* Models */ = {
			isa = PBXGroup;
			children = (
			);
			path = Models;
			sourceTree = "<group>";
		};
		5A80AF5B20609F1B008B9458 /* Controllers */ = {
			isa = PBXGroup;
			children = (
				5A189BC92061F31000A6BF08 /* EducationVC.swift */,
				5AB78D7B20687C97009A4F2E /* XMAlbumsVC.swift */,
				5AB78D7C20687C97009A4F2E /* XMAlbumsVC.xib */,
				5AC17CA42064FD8A00535C8C /* XMAlbumDetaliVC.swift */,
				5AC17CA52064FD8A00535C8C /* XMAlbumDetaliVC.xib */,
			);
			path = Controllers;
			sourceTree = "<group>";
		};
		5A80AF5C20609F1B008B9458 /* Views */ = {
			isa = PBXGroup;
			children = (
				5AC17C8F2064A8B700535C8C /* AlbumCell.swift */,
				5AC17C902064A8B700535C8C /* AlbumCell.xib */,
				5AC17CA82065005C00535C8C /* TrackCell.swift */,
				5AC17CA92065005C00535C8C /* TrackCell.xib */,
			);
			path = Views;
			sourceTree = "<group>";
		};
		5A80AF5D20609F1B008B9458 /* Message */ = {
			isa = PBXGroup;
			children = (
				5A80AF6020609F1B008B9458 /* Controllers */,
				5A80AF5E20609F1B008B9458 /* ViewModels */,
				5A80AF5F20609F1B008B9458 /* Models */,
				5A80AF6120609F1B008B9458 /* Views */,
			);
			path = Message;
			sourceTree = "<group>";
		};
		5A80AF5E20609F1B008B9458 /* ViewModels */ = {
			isa = PBXGroup;
			children = (
				5A189BC32060FEB000A6BF08 /* MessageHomeViewModel.swift */,
				5AFE030B2071FBFE0005F31C /* GroupMsgViewModel.swift */,
			);
			path = ViewModels;
			sourceTree = "<group>";
		};
		5A80AF5F20609F1B008B9458 /* Models */ = {
			isa = PBXGroup;
			children = (
				5A189BBD2060FD8B00A6BF08 /* MsgHomeModel.swift */,
				5AFE03092071C4780005F31C /* GroupMsgModel.swift */,
				5AFE03072071C24E0005F31C /* MsgFrameModel.swift */,
			);
			path = Models;
			sourceTree = "<group>";
		};
		5A80AF6020609F1B008B9458 /* Controllers */ = {
			isa = PBXGroup;
			children = (
				5A80AF7F2060A7F3008B9458 /* MessageHomeVC.swift */,
				5A189BAD2060D52B00A6BF08 /* GroupMsgVC.swift */,
				5A189BAE2060D52B00A6BF08 /* GroupMsgVC.xib */,
			);
			path = Controllers;
			sourceTree = "<group>";
		};
		5A80AF6120609F1B008B9458 /* Views */ = {
			isa = PBXGroup;
			children = (
				5A189BB92060F51300A6BF08 /* MsgHomeCell.swift */,
				5A189BBA2060F51300A6BF08 /* MsgHomeCell.xib */,
				5A1A822D206E14D80006E56B /* GroupMsgCell.swift */,
				5A1A822E206E14D80006E56B /* GroupMsgCell.xib */,
			);
			path = Views;
			sourceTree = "<group>";
		};
		5A80AF6220609F1B008B9458 /* Profile */ = {
			isa = PBXGroup;
			children = (
				5A80AF6520609F1B008B9458 /* Controllers */,
				5A80AF6320609F1B008B9458 /* ViewModels */,
				5A80AF6420609F1B008B9458 /* Models */,
				5A80AF6620609F1B008B9458 /* Views */,
			);
			path = Profile;
			sourceTree = "<group>";
		};
		5A80AF6320609F1B008B9458 /* ViewModels */ = {
			isa = PBXGroup;
			children = (
				5A1A8215206C862D0006E56B /* LoginVM.swift */,
				5A1A821F206CE30A0006E56B /* RegisterVM.swift */,
				5A4E0F9020731D8A00CF04AD /* UserInfoViewModel.swift */,
			);
			path = ViewModels;
			sourceTree = "<group>";
		};
		5A80AF6420609F1B008B9458 /* Models */ = {
			isa = PBXGroup;
			children = (
				5A4E0F8E207318D000CF04AD /* UserInfoModel.swift */,
			);
			path = Models;
			sourceTree = "<group>";
		};
		5A80AF6520609F1B008B9458 /* Controllers */ = {
			isa = PBXGroup;
			children = (
				5A4E0F8420730C7F00CF04AD /* ProfileVC.swift */,
				5A1A820C206B81AF0006E56B /* User */,
				5A1A820B206B81AF0006E56B /* Dev */,
			);
			path = Controllers;
			sourceTree = "<group>";
		};
		5A80AF6620609F1B008B9458 /* Views */ = {
			isa = PBXGroup;
			children = (
				5A4E0F8A207317D000CF04AD /* UserInfoCell.swift */,
				5A4E0F8B207317D000CF04AD /* UserInfoCell.xib */,
				5A4E0FAC2073676400CF04AD /* DevCell.swift */,
				5A4E0FAD2073676400CF04AD /* DevCell.xib */,
			);
			path = Views;
			sourceTree = "<group>";
		};
		5A80AF6720609F1B008B9458 /* Main */ = {
			isa = PBXGroup;
			children = (
				5A80AF6820609F1B008B9458 /* ViewModels */,
				5A80AF6920609F1B008B9458 /* Models */,
				5A80AF6A20609F1B008B9458 /* Controllers */,
				5A80AF6B20609F1B008B9458 /* Views */,
			);
			path = Main;
			sourceTree = "<group>";
		};
		5A80AF6820609F1B008B9458 /* ViewModels */ = {
			isa = PBXGroup;
			children = (
			);
			path = ViewModels;
			sourceTree = "<group>";
		};
		5A80AF6920609F1B008B9458 /* Models */ = {
			isa = PBXGroup;
			children = (
				5A1A8209206B77520006E56B /* Equipment.swift */,
			);
			path = Models;
			sourceTree = "<group>";
		};
		5A80AF6A20609F1B008B9458 /* Controllers */ = {
			isa = PBXGroup;
			children = (
				5A80AF7D2060A72D008B9458 /* BaseViewController.swift */,
				5A189BAB2060D41400A6BF08 /* BaseNavigationController.swift */,
				5A189BB72060F42E00A6BF08 /* BaseTableViewCell.swift */,
			);
			path = Controllers;
			sourceTree = "<group>";
		};
		5A80AF6B20609F1B008B9458 /* Views */ = {
			isa = PBXGroup;
			children = (
				5A189BC52061F14700A6BF08 /* PageView.swift */,
				5A189BCD206232A700A6BF08 /* PageView.xib */,
				5AB78D8120688C27009A4F2E /* MusicPlayerView.swift */,
				5AB78D8320688C2F009A4F2E /* MusicPlayerView.xib */,
			);
			path = Views;
			sourceTree = "<group>";
		};
		5AB78D8520689221009A4F2E /* HYSlider */ = {
			isa = PBXGroup;
			children = (
				5AB78D8C2068CA32009A4F2E /* HYSlider.h */,
				5AB78D8D2068CA32009A4F2E /* HYSlider.m */,
			);
			path = HYSlider;
			sourceTree = "<group>";
		};
		5AC17BE62064992D00535C8C /* Extension */ = {
			isa = PBXGroup;
			children = (
				5A189BA52060B09500A6BF08 /* UIColor+extention.swift */,
				5A189BA92060B40E00A6BF08 /* UIImage+extension.swift */,
				5A189BB22060D7C400A6BF08 /* Label+Extension.swift */,
				5A189BB12060D7C400A6BF08 /* UIBarButtonItem+Extension.swift */,
				5A189BB32060D7C400A6BF08 /* UIButton+Extension.swift */,
				5A1A8211206B884F0006E56B /* UIView+Extension.swift */,
				5A1A8231206E25B80006E56B /* String+Extension.swift */,
			);
			path = Extension;
			sourceTree = "<group>";
		};
		5AC17C3C2064A3C900535C8C /* SDK */ = {
			isa = PBXGroup;
			children = (
				5AC17C3D2064A3C900535C8C /* libXMOpenPlatform.a */,
				5AC17C3E2064A3C900535C8C /* include */,
			);
			path = SDK;
			sourceTree = "<group>";
		};
		5AC17C3E2064A3C900535C8C /* include */ = {
			isa = PBXGroup;
			children = (
				5AC17C3F2064A3C900535C8C /* Downloader */,
				5AC17C412064A3C900535C8C /* Model */,
				5AC17C672064A3C900535C8C /* MBProgressHUD */,
				5AC17C6A2064A3C900535C8C /* Request */,
				5AC17C6C2064A3C900535C8C /* FMDB */,
				5AC17C772064A3C900535C8C /* Resource */,
				5AC17C792064A3C900535C8C /* Authorization */,
				5AC17C7B2064A3C900535C8C /* Player */,
				5AC17C7F2064A3C900535C8C /* Utility */,
			);
			path = include;
			sourceTree = "<group>";
		};
		5AC17C3F2064A3C900535C8C /* Downloader */ = {
			isa = PBXGroup;
			children = (
				5AC17C402064A3C900535C8C /* XMSDKDownloadManager.h */,
			);
			path = Downloader;
			sourceTree = "<group>";
		};
		5AC17C412064A3C900535C8C /* Model */ = {
			isa = PBXGroup;
			children = (
				5AC17C422064A3C900535C8C /* XMAttribute.h */,
				5AC17C432064A3C900535C8C /* XMAlbum.h */,
				5AC17C442064A3C900535C8C /* XMCategory.h */,
				5AC17C452064A3C900535C8C /* XMColdbootTag.h */,
				5AC17C462064A3C900535C8C /* XMHotTrack.h */,
				5AC17C472064A3C900535C8C /* XMDimension.h */,
				5AC17C482064A3C900535C8C /* XMColumn.h */,
				5AC17C492064A3C900535C8C /* XMAlbumColumn.h */,
				5AC17C4A2064A3C900535C8C /* XMTrack.h */,
				5AC17C4B2064A3C900535C8C /* XMRadio.h */,
				5AC17C4C2064A3C900535C8C /* XMTag.h */,
				5AC17C4D2064A3C900535C8C /* XMIndexRankItem.h */,
				5AC17C4E2064A3C900535C8C /* XMColdbootDetail.h */,
				5AC17C4F2064A3C900535C8C /* XMRadioSchedule.h */,
				5AC17C502064A3C900535C8C /* XMCategoryHumanRecommend.h */,
				5AC17C512064A3C900535C8C /* XMSubordinatedAlbum.h */,
				5AC17C522064A3C900535C8C /* XMTrackColumnItem.h */,
				5AC17C532064A3C900535C8C /* XMLiveAnnouncer.h */,
				5AC17C542064A3C900535C8C /* XMAnnouncer.h */,
				5AC17C552064A3C900535C8C /* XMTrackDownloadStatus.h */,
				5AC17C562064A3C900535C8C /* XMErrorModel.h */,
				5AC17C572064A3C900535C8C /* XMLastUptrack.h */,
				5AC17C582064A3C900535C8C /* XMAlbumGuessLike.h */,
				5AC17C592064A3C900535C8C /* XMCacheTrack.h */,
				5AC17C5A2064A3C900535C8C /* XMBanner.h */,
				5AC17C5B2064A3C900535C8C /* XMLiveCity.h */,
				5AC17C5C2064A3C900535C8C /* XMMetadata.h */,
				5AC17C5D2064A3C900535C8C /* XMColumnList.h */,
				5AC17C5E2064A3C900535C8C /* XMColumnDetail.h */,
				5AC17C5F2064A3C900535C8C /* XMAlbumColumnItem.h */,
				5AC17C602064A3C900535C8C /* XMProvince.h */,
				5AC17C612064A3C900535C8C /* XMTrackColumn.h */,
				5AC17C622064A3C900535C8C /* XMHotword.h */,
				5AC17C632064A3C900535C8C /* XMRankSectionList.h */,
				5AC17C642064A3C900535C8C /* XMColumnEditor.h */,
				5AC17C652064A3C900535C8C /* XMRelatedProgram.h */,
				5AC17C662064A3C900535C8C /* XMAnnouncerCategory.h */,
			);
			path = Model;
			sourceTree = "<group>";
		};
		5AC17C672064A3C900535C8C /* MBProgressHUD */ = {
			isa = PBXGroup;
			children = (
				5AC17C682064A3C900535C8C /* MBProgressHUD.m */,
				5AC17C692064A3C900535C8C /* MBProgressHUD.h */,
			);
			path = MBProgressHUD;
			sourceTree = "<group>";
		};
		5AC17C6A2064A3C900535C8C /* Request */ = {
			isa = PBXGroup;
			children = (
				5AC17C6B2064A3C900535C8C /* XMReqMgr.h */,
			);
			path = Request;
			sourceTree = "<group>";
		};
		5AC17C6C2064A3C900535C8C /* FMDB */ = {
			isa = PBXGroup;
			children = (
				5AC17C6D2064A3C900535C8C /* FMDatabase.h */,
				5AC17C6E2064A3C900535C8C /* FMDatabaseQueue.m */,
				5AC17C6F2064A3C900535C8C /* FMResultSet.h */,
				5AC17C702064A3C900535C8C /* FMDatabasePool.h */,
				5AC17C712064A3C900535C8C /* FMDatabaseAdditions.m */,
				5AC17C722064A3C900535C8C /* FMDatabase.m */,
				5AC17C732064A3C900535C8C /* FMDatabaseQueue.h */,
				5AC17C742064A3C900535C8C /* FMDatabaseAdditions.h */,
				5AC17C752064A3C900535C8C /* FMDatabasePool.m */,
				5AC17C762064A3C900535C8C /* FMResultSet.m */,
			);
			path = FMDB;
			sourceTree = "<group>";
		};
		5AC17C772064A3C900535C8C /* Resource */ = {
			isa = PBXGroup;
			children = (
				5AC17C782064A3C900535C8C /* XMResource.bundle */,
			);
			path = Resource;
			sourceTree = "<group>";
		};
		5AC17C792064A3C900535C8C /* Authorization */ = {
			isa = PBXGroup;
			children = (
				5AC17C7A2064A3C900535C8C /* XMLYAuthorize.h */,
			);
			path = Authorization;
			sourceTree = "<group>";
		};
		5AC17C7B2064A3C900535C8C /* Player */ = {
			isa = PBXGroup;
			children = (
				5AC17C7C2064A3C900535C8C /* XMSDKPlayerDataCollector.h */,
				5AC17C7D2064A3C900535C8C /* XMADAudioPlayer.h */,
				5AC17C7E2064A3C900535C8C /* XMSDKPlayer.h */,
			);
			path = Player;
			sourceTree = "<group>";
		};
		5AC17C7F2064A3C900535C8C /* Utility */ = {
			isa = PBXGroup;
			children = (
				5AC17C802064A3C900535C8C /* XMSingleTone.h */,
				5AC17C812064A3C900535C8C /* XMSDKInfo.h */,
				5AC17C822064A3C900535C8C /* XMSDK.h */,
			);
			path = Utility;
			sourceTree = "<group>";
		};
		5EE62DA7E2A99491450CA1B3 /* Frameworks */ = {
			isa = PBXGroup;
			children = (
				5AC17C9E2064E5AD00535C8C /* libc++abi.tbd */,
				5AC17C972064DCCF00535C8C /* libz.1.tbd */,
				5AC17C952064DCC700535C8C /* libsqlite3.tbd */,
				D8BB3B8E7D71CBE87539EA46 /* Pods_THSmart.framework */,
			);
			name = Frameworks;
			sourceTree = "<group>";
		};
		F206C4F96DCDDE6512820BE4 /* Pods */ = {
			isa = PBXGroup;
			children = (
				E596A7AF6D788D71DE152D43 /* Pods-THSmart.debug.xcconfig */,
				BEC4A9EE6550C02944583B3B /* Pods-THSmart.release.xcconfig */,
			);
			name = Pods;
			sourceTree = "<group>";
		};
/* End PBXGroup section */

/* Begin PBXNativeTarget section */
		5A80AF40206099A3008B9458 /* THSmart */ = {
			isa = PBXNativeTarget;
			buildConfigurationList = 5A80AF53206099A3008B9458 /* Build configuration list for PBXNativeTarget "THSmart" */;
			buildPhases = (
				D8E7E1A99C5652B7239C862A /* [CP] Check Pods Manifest.lock */,
				5A80AF3D206099A3008B9458 /* Sources */,
				5A80AF3E206099A3008B9458 /* Frameworks */,
				5A80AF3F206099A3008B9458 /* Resources */,
				C0C76A192773E2B7841F9BEC /* [CP] Embed Pods Frameworks */,
			);
			buildRules = (
			);
			dependencies = (
			);
			name = THSmart;
			productName = THSmart;
			productReference = 5A80AF41206099A3008B9458 /* THSmart.app */;
			productType = "com.apple.product-type.application";
		};
/* End PBXNativeTarget section */

/* Begin PBXProject section */
		5A80AF39206099A3008B9458 /* Project object */ = {
			isa = PBXProject;
			attributes = {
				LastSwiftUpdateCheck = 0920;
				LastUpgradeCheck = 0930;
				ORGANIZATIONNAME = pingan;
				TargetAttributes = {
					5A80AF40206099A3008B9458 = {
						CreatedOnToolsVersion = 9.2;
						LastSwiftMigration = 0920;
						ProvisioningStyle = Automatic;
					};
				};
			};
			buildConfigurationList = 5A80AF3C206099A3008B9458 /* Build configuration list for PBXProject "THSmart" */;
			compatibilityVersion = "Xcode 8.0";
			developmentRegion = en;
			hasScannedForEncodings = 0;
			knownRegions = (
				en,
				Base,
			);
			mainGroup = 5A80AF38206099A3008B9458;
			productRefGroup = 5A80AF42206099A3008B9458 /* Products */;
			projectDirPath = "";
			projectRoot = "";
			targets = (
				5A80AF40206099A3008B9458 /* THSmart */,
			);
		};
/* End PBXProject section */

/* Begin PBXResourcesBuildPhase section */
		5A80AF3F206099A3008B9458 /* Resources */ = {
			isa = PBXResourcesBuildPhase;
			buildActionMask = 2147483647;
			files = (
				5A1A822C206DC9480006E56B /* WebViewVC.xib in Resources */,
				5A1A821A206CD8880006E56B /* Podfile in Resources */,
				5AC17C8A2064A3C900535C8C /* XMResource.bundle in Resources */,
				5A4E0F892073163A00CF04AD /* UserInfoVC.xib in Resources */,
				5A80AF782060A2C1008B9458 /* Profile.storyboard in Resources */,
				5A4E0F9B207364D900CF04AD /* DevSetVC.xib in Resources */,
				5A1A821E206CE0BC0006E56B /* RegisterVC.xib in Resources */,
				5A4E0F9F207364F000CF04AD /* SetWIFIVC.xib in Resources */,
				5AC17CAB2065005C00535C8C /* TrackCell.xib in Resources */,
				5A189BBC2060F51300A6BF08 /* MsgHomeCell.xib in Resources */,
				5AC17CA72064FD8A00535C8C /* XMAlbumDetaliVC.xib in Resources */,
				5A80AF4F206099A3008B9458 /* LaunchScreen.storyboard in Resources */,
				5A4E0FA72073655200CF04AD /* SearchDev.xib in Resources */,
				5A189BB02060D52B00A6BF08 /* GroupMsgVC.xib in Resources */,
				5A4E0F97207364C600CF04AD /* DevListVC.xib in Resources */,
				5A80AF4C206099A3008B9458 /* Assets.xcassets in Resources */,
				5A4E0FAF2073676400CF04AD /* DevCell.xib in Resources */,
				5A1A8230206E14D80006E56B /* GroupMsgCell.xib in Resources */,
				5AC17C922064A8B700535C8C /* AlbumCell.xib in Resources */,
				5A4E0FAB2073656800CF04AD /* ScanAddDev.xib in Resources */,
				5AB78D7E20687C97009A4F2E /* XMAlbumsVC.xib in Resources */,
				5A80AF722060A26B008B9458 /* Message.storyboard in Resources */,
				5A189BCE206232A700A6BF08 /* PageView.xib in Resources */,
				5A80AF4A206099A3008B9458 /* Main.storyboard in Resources */,
				5AB78D8420688C2F009A4F2E /* MusicPlayerView.xib in Resources */,
				5A1A8228206CEA350006E56B /* RegisterVC2.xib in Resources */,
				5A4E0F8D207317D000CF04AD /* UserInfoCell.xib in Resources */,
				5A1A8210206B81DA0006E56B /* LoginVC.xib in Resources */,
				5A1A8224206CE6A70006E56B /* RegisterVC1.xib in Resources */,
				5A4E0FA32073650300CF04AD /* GetWIFIVC.xib in Resources */,
				5A80AF752060A29D008B9458 /* Education.storyboard in Resources */,
			);
			runOnlyForDeploymentPostprocessing = 0;
		};
/* End PBXResourcesBuildPhase section */

/* Begin PBXShellScriptBuildPhase section */
		C0C76A192773E2B7841F9BEC /* [CP] Embed Pods Frameworks */ = {
			isa = PBXShellScriptBuildPhase;
			buildActionMask = 2147483647;
			files = (
			);
			inputPaths = (
				"${SRCROOT}/Pods/Target Support Files/Pods-THSmart/Pods-THSmart-frameworks.sh",
				"${BUILT_PRODUCTS_DIR}/Alamofire/Alamofire.framework",
				"${BUILT_PRODUCTS_DIR}/Kingfisher/Kingfisher.framework",
				"${BUILT_PRODUCTS_DIR}/SnapKit/SnapKit.framework",
				"${BUILT_PRODUCTS_DIR}/Toast-Swift/Toast_Swift.framework",
			);
			name = "[CP] Embed Pods Frameworks";
			outputPaths = (
				"${TARGET_BUILD_DIR}/${FRAMEWORKS_FOLDER_PATH}/Alamofire.framework",
				"${TARGET_BUILD_DIR}/${FRAMEWORKS_FOLDER_PATH}/Kingfisher.framework",
				"${TARGET_BUILD_DIR}/${FRAMEWORKS_FOLDER_PATH}/SnapKit.framework",
				"${TARGET_BUILD_DIR}/${FRAMEWORKS_FOLDER_PATH}/Toast_Swift.framework",
			);
			runOnlyForDeploymentPostprocessing = 0;
			shellPath = /bin/sh;
			shellScript = "\"${SRCROOT}/Pods/Target Support Files/Pods-THSmart/Pods-THSmart-frameworks.sh\"\n";
			showEnvVarsInLog = 0;
		};
		D8E7E1A99C5652B7239C862A /* [CP] Check Pods Manifest.lock */ = {
			isa = PBXShellScriptBuildPhase;
			buildActionMask = 2147483647;
			files = (
			);
			inputPaths = (
				"${PODS_PODFILE_DIR_PATH}/Podfile.lock",
				"${PODS_ROOT}/Manifest.lock",
			);
			name = "[CP] Check Pods Manifest.lock";
			outputPaths = (
				"$(DERIVED_FILE_DIR)/Pods-THSmart-checkManifestLockResult.txt",
			);
			runOnlyForDeploymentPostprocessing = 0;
			shellPath = /bin/sh;
			shellScript = "diff \"${PODS_PODFILE_DIR_PATH}/Podfile.lock\" \"${PODS_ROOT}/Manifest.lock\" > /dev/null\nif [ $? != 0 ] ; then\n    # print error to STDERR\n    echo \"error: The sandbox is not in sync with the Podfile.lock. Run 'pod install' or update your CocoaPods installation.\" >&2\n    exit 1\nfi\n# This output is used by Xcode 'outputs' to avoid re-running this script phase.\necho \"SUCCESS\" > \"${SCRIPT_OUTPUT_FILE_0}\"\n";
			showEnvVarsInLog = 0;
		};
/* End PBXShellScriptBuildPhase section */

/* Begin PBXSourcesBuildPhase section */
		5A80AF3D206099A3008B9458 /* Sources */ = {
			isa = PBXSourcesBuildPhase;
			buildActionMask = 2147483647;
			files = (
				5A4E0FA22073650300CF04AD /* GetWIFIVC.swift in Sources */,
				5AB78D802068817B009A4F2E /* XMAlbumDetaliVM.swift in Sources */,
				5AC17CAA2065005C00535C8C /* TrackCell.swift in Sources */,
				5A1A820A206B77520006E56B /* Equipment.swift in Sources */,
				5A4E0F8520730C7F00CF04AD /* ProfileVC.swift in Sources */,
				5A1A8220206CE30A0006E56B /* RegisterVM.swift in Sources */,
				5A1A822B206DC9480006E56B /* WebViewVC.swift in Sources */,
				5A1A8223206CE6A70006E56B /* RegisterVC1.swift in Sources */,
				5A189BAF2060D52B00A6BF08 /* GroupMsgVC.swift in Sources */,
				5A4E0FA62073655200CF04AD /* SearchDev.swift in Sources */,
				5A1A8218206C8BCE0006E56B /* Global.swift in Sources */,
				5A1A820F206B81DA0006E56B /* LoginVC.swift in Sources */,
				5AC17C912064A8B700535C8C /* AlbumCell.swift in Sources */,
				5A4E0F9E207364F000CF04AD /* SetWIFIVC.swift in Sources */,
				5A4E0F96207364C600CF04AD /* DevListVC.swift in Sources */,
				5AB78D7D20687C97009A4F2E /* XMAlbumsVC.swift in Sources */,
				5A189BAC2060D41400A6BF08 /* BaseNavigationController.swift in Sources */,
				5A1A8212206B884F0006E56B /* UIView+Extension.swift in Sources */,
				5A4E0FAE2073676400CF04AD /* DevCell.swift in Sources */,
				5A80AF47206099A3008B9458 /* ViewController.swift in Sources */,
				5AC17C882064A3C900535C8C /* FMDatabasePool.m in Sources */,
				5AFE03082071C24E0005F31C /* MsgFrameModel.swift in Sources */,
				5A1A821D206CE0BC0006E56B /* RegisterVC.swift in Sources */,
				5A1A8216206C862D0006E56B /* LoginVM.swift in Sources */,
				5A189BCA2061F31000A6BF08 /* EducationVC.swift in Sources */,
				5AB78D8E2068CA32009A4F2E /* HYSlider.m in Sources */,
				5A189BB62060D7C400A6BF08 /* UIButton+Extension.swift in Sources */,
				5A4E0F8F207318D000CF04AD /* UserInfoModel.swift in Sources */,
				5AC17C892064A3C900535C8C /* FMResultSet.m in Sources */,
				5A4E0FAA2073656800CF04AD /* ScanAddDev.swift in Sources */,
				5A1A8214206C85B80006E56B /* Validate.swift in Sources */,
				5AC17C862064A3C900535C8C /* FMDatabaseAdditions.m in Sources */,
				5AC17C852064A3C900535C8C /* FMDatabaseQueue.m in Sources */,
				5A189BB82060F42E00A6BF08 /* BaseTableViewCell.swift in Sources */,
				5A4E0F9A207364D900CF04AD /* DevSetVC.swift in Sources */,
				5A189BC02060FE0700A6BF08 /* NetWorkTools.swift in Sources */,
				5AC17C872064A3C900535C8C /* FMDatabase.m in Sources */,
				5A4E0F882073163A00CF04AD /* UserInfoVC.swift in Sources */,
				5AC17C842064A3C900535C8C /* MBProgressHUD.m in Sources */,
				5A4E0F9120731D8A00CF04AD /* UserInfoViewModel.swift in Sources */,
				5A1A8232206E25B80006E56B /* String+Extension.swift in Sources */,
				5AFE030A2071C4780005F31C /* GroupMsgModel.swift in Sources */,
				5A80AF802060A7F3008B9458 /* MessageHomeVC.swift in Sources */,
				5A189BA62060B09500A6BF08 /* UIColor+extention.swift in Sources */,
				5AC17C942064CB8200535C8C /* XMAlbumsVM.swift in Sources */,
				5AFE030C2071FBFE0005F31C /* GroupMsgViewModel.swift in Sources */,
				5A189BBB2060F51300A6BF08 /* MsgHomeCell.swift in Sources */,
				5A80AF7E2060A72D008B9458 /* BaseViewController.swift in Sources */,
				5A1A822F206E14D80006E56B /* GroupMsgCell.swift in Sources */,
				5A189BB52060D7C400A6BF08 /* Label+Extension.swift in Sources */,
				5A189BAA2060B40E00A6BF08 /* UIImage+extension.swift in Sources */,
				5AC17CA62064FD8A00535C8C /* XMAlbumDetaliVC.swift in Sources */,
				5A189BBE2060FD8B00A6BF08 /* MsgHomeModel.swift in Sources */,
				5A189BB42060D7C400A6BF08 /* UIBarButtonItem+Extension.swift in Sources */,
				5A80AF45206099A3008B9458 /* AppDelegate.swift in Sources */,
				5A1A8227206CEA350006E56B /* RegisterVC2.swift in Sources */,
				5A4E0F8C207317D000CF04AD /* UserInfoCell.swift in Sources */,
				5A189BC62061F14700A6BF08 /* PageView.swift in Sources */,
				5AB78D8220688C27009A4F2E /* MusicPlayerView.swift in Sources */,
				5A189BC42060FEB000A6BF08 /* MessageHomeViewModel.swift in Sources */,
				5A4E0F932073217D00CF04AD /* PhotoCenter.swift in Sources */,
			);
			runOnlyForDeploymentPostprocessing = 0;
		};
/* End PBXSourcesBuildPhase section */

/* Begin PBXVariantGroup section */
		5A80AF48206099A3008B9458 /* Main.storyboard */ = {
			isa = PBXVariantGroup;
			children = (
				5A80AF49206099A3008B9458 /* Base */,
			);
			name = Main.storyboard;
			sourceTree = "<group>";
		};
		5A80AF4D206099A3008B9458 /* LaunchScreen.storyboard */ = {
			isa = PBXVariantGroup;
			children = (
				5A80AF4E206099A3008B9458 /* Base */,
			);
			name = LaunchScreen.storyboard;
			sourceTree = "<group>";
		};
		5A80AF702060A26B008B9458 /* Message.storyboard */ = {
			isa = PBXVariantGroup;
			children = (
				5A80AF712060A26B008B9458 /* Base */,
			);
			name = Message.storyboard;
			sourceTree = "<group>";
		};
		5A80AF732060A29D008B9458 /* Education.storyboard */ = {
			isa = PBXVariantGroup;
			children = (
				5A80AF742060A29D008B9458 /* Base */,
			);
			name = Education.storyboard;
			sourceTree = "<group>";
		};
		5A80AF762060A2C1008B9458 /* Profile.storyboard */ = {
			isa = PBXVariantGroup;
			children = (
				5A80AF772060A2C1008B9458 /* Base */,
			);
			name = Profile.storyboard;
			sourceTree = "<group>";
		};
/* End PBXVariantGroup section */

/* Begin XCBuildConfiguration section */
		5A80AF51206099A3008B9458 /* Debug */ = {
			isa = XCBuildConfiguration;
			buildSettings = {
				ALWAYS_SEARCH_USER_PATHS = NO;
				CLANG_ANALYZER_NONNULL = YES;
				CLANG_ANALYZER_NUMBER_OBJECT_CONVERSION = YES_AGGRESSIVE;
				CLANG_CXX_LANGUAGE_STANDARD = "gnu++14";
				CLANG_CXX_LIBRARY = "libc++";
				CLANG_ENABLE_MODULES = YES;
				CLANG_ENABLE_OBJC_ARC = YES;
				CLANG_WARN_BLOCK_CAPTURE_AUTORELEASING = YES;
				CLANG_WARN_BOOL_CONVERSION = YES;
				CLANG_WARN_COMMA = YES;
				CLANG_WARN_CONSTANT_CONVERSION = YES;
				CLANG_WARN_DEPRECATED_OBJC_IMPLEMENTATIONS = YES;
				CLANG_WARN_DIRECT_OBJC_ISA_USAGE = YES_ERROR;
				CLANG_WARN_DOCUMENTATION_COMMENTS = YES;
				CLANG_WARN_EMPTY_BODY = YES;
				CLANG_WARN_ENUM_CONVERSION = YES;
				CLANG_WARN_INFINITE_RECURSION = YES;
				CLANG_WARN_INT_CONVERSION = YES;
				CLANG_WARN_NON_LITERAL_NULL_CONVERSION = YES;
				CLANG_WARN_OBJC_IMPLICIT_RETAIN_SELF = YES;
				CLANG_WARN_OBJC_LITERAL_CONVERSION = YES;
				CLANG_WARN_OBJC_ROOT_CLASS = YES_ERROR;
				CLANG_WARN_RANGE_LOOP_ANALYSIS = YES;
				CLANG_WARN_STRICT_PROTOTYPES = YES;
				CLANG_WARN_SUSPICIOUS_MOVE = YES;
				CLANG_WARN_UNGUARDED_AVAILABILITY = YES_AGGRESSIVE;
				CLANG_WARN_UNREACHABLE_CODE = YES;
				CLANG_WARN__DUPLICATE_METHOD_MATCH = YES;
				CODE_SIGN_IDENTITY = "iPhone Developer";
				COPY_PHASE_STRIP = NO;
				DEBUG_INFORMATION_FORMAT = dwarf;
				ENABLE_STRICT_OBJC_MSGSEND = YES;
				ENABLE_TESTABILITY = YES;
				GCC_C_LANGUAGE_STANDARD = gnu11;
				GCC_DYNAMIC_NO_PIC = NO;
				GCC_NO_COMMON_BLOCKS = YES;
				GCC_OPTIMIZATION_LEVEL = 0;
				GCC_PREPROCESSOR_DEFINITIONS = (
					"DEBUG=1",
					"$(inherited)",
				);
				GCC_WARN_64_TO_32_BIT_CONVERSION = YES;
				GCC_WARN_ABOUT_RETURN_TYPE = YES_ERROR;
				GCC_WARN_UNDECLARED_SELECTOR = YES;
				GCC_WARN_UNINITIALIZED_AUTOS = YES_AGGRESSIVE;
				GCC_WARN_UNUSED_FUNCTION = YES;
				GCC_WARN_UNUSED_VARIABLE = YES;
				IPHONEOS_DEPLOYMENT_TARGET = 11.2;
				MTL_ENABLE_DEBUG_INFO = YES;
				ONLY_ACTIVE_ARCH = YES;
				SDKROOT = iphoneos;
				SWIFT_ACTIVE_COMPILATION_CONDITIONS = DEBUG;
				SWIFT_OPTIMIZATION_LEVEL = "-Onone";
			};
			name = Debug;
		};
		5A80AF52206099A3008B9458 /* Release */ = {
			isa = XCBuildConfiguration;
			buildSettings = {
				ALWAYS_SEARCH_USER_PATHS = NO;
				CLANG_ANALYZER_NONNULL = YES;
				CLANG_ANALYZER_NUMBER_OBJECT_CONVERSION = YES_AGGRESSIVE;
				CLANG_CXX_LANGUAGE_STANDARD = "gnu++14";
				CLANG_CXX_LIBRARY = "libc++";
				CLANG_ENABLE_MODULES = YES;
				CLANG_ENABLE_OBJC_ARC = YES;
				CLANG_WARN_BLOCK_CAPTURE_AUTORELEASING = YES;
				CLANG_WARN_BOOL_CONVERSION = YES;
				CLANG_WARN_COMMA = YES;
				CLANG_WARN_CONSTANT_CONVERSION = YES;
				CLANG_WARN_DEPRECATED_OBJC_IMPLEMENTATIONS = YES;
				CLANG_WARN_DIRECT_OBJC_ISA_USAGE = YES_ERROR;
				CLANG_WARN_DOCUMENTATION_COMMENTS = YES;
				CLANG_WARN_EMPTY_BODY = YES;
				CLANG_WARN_ENUM_CONVERSION = YES;
				CLANG_WARN_INFINITE_RECURSION = YES;
				CLANG_WARN_INT_CONVERSION = YES;
				CLANG_WARN_NON_LITERAL_NULL_CONVERSION = YES;
				CLANG_WARN_OBJC_IMPLICIT_RETAIN_SELF = YES;
				CLANG_WARN_OBJC_LITERAL_CONVERSION = YES;
				CLANG_WARN_OBJC_ROOT_CLASS = YES_ERROR;
				CLANG_WARN_RANGE_LOOP_ANALYSIS = YES;
				CLANG_WARN_STRICT_PROTOTYPES = YES;
				CLANG_WARN_SUSPICIOUS_MOVE = YES;
				CLANG_WARN_UNGUARDED_AVAILABILITY = YES_AGGRESSIVE;
				CLANG_WARN_UNREACHABLE_CODE = YES;
				CLANG_WARN__DUPLICATE_METHOD_MATCH = YES;
				CODE_SIGN_IDENTITY = "iPhone Developer";
				COPY_PHASE_STRIP = NO;
				DEBUG_INFORMATION_FORMAT = "dwarf-with-dsym";
				ENABLE_NS_ASSERTIONS = NO;
				ENABLE_STRICT_OBJC_MSGSEND = YES;
				GCC_C_LANGUAGE_STANDARD = gnu11;
				GCC_NO_COMMON_BLOCKS = YES;
				GCC_WARN_64_TO_32_BIT_CONVERSION = YES;
				GCC_WARN_ABOUT_RETURN_TYPE = YES_ERROR;
				GCC_WARN_UNDECLARED_SELECTOR = YES;
				GCC_WARN_UNINITIALIZED_AUTOS = YES_AGGRESSIVE;
				GCC_WARN_UNUSED_FUNCTION = YES;
				GCC_WARN_UNUSED_VARIABLE = YES;
				IPHONEOS_DEPLOYMENT_TARGET = 11.2;
				MTL_ENABLE_DEBUG_INFO = NO;
				SDKROOT = iphoneos;
				SWIFT_OPTIMIZATION_LEVEL = "-Owholemodule";
				VALIDATE_PRODUCT = YES;
			};
			name = Release;
		};
		5A80AF54206099A3008B9458 /* Debug */ = {
			isa = XCBuildConfiguration;
			baseConfigurationReference = E596A7AF6D788D71DE152D43 /* Pods-THSmart.debug.xcconfig */;
			buildSettings = {
				ASSETCATALOG_COMPILER_APPICON_NAME = AppIcon;
				CLANG_ENABLE_MODULES = YES;
				CODE_SIGN_STYLE = Automatic;
				DEVELOPMENT_TEAM = 3YLQ7747K2;
				INFOPLIST_FILE = THSmart/Info.plist;
				IPHONEOS_DEPLOYMENT_TARGET = 9.0;
				LD_RUNPATH_SEARCH_PATHS = "$(inherited) @executable_path/Frameworks";
				LIBRARY_SEARCH_PATHS = (
					"$(inherited)",
					"$(PROJECT_DIR)/THSmart/Classes/Tools/SDK",
				);
				OTHER_LDFLAGS = (
					"$(inherited)",
					"-framework",
					"\"Alamofire\"",
					"-framework",
					"\"Kingfisher\"",
					"-ObjC",
				);
				PRODUCT_BUNDLE_IDENTIFIER = com.pa.THSmart;
				PRODUCT_NAME = "$(TARGET_NAME)";
				SWIFT_OBJC_BRIDGING_HEADER = "THSmart/THSmart-Bridging-Header.h";
				SWIFT_OPTIMIZATION_LEVEL = "-Onone";
				SWIFT_VERSION = 4.0;
				TARGETED_DEVICE_FAMILY = "1,2";
			};
			name = Debug;
		};
		5A80AF55206099A3008B9458 /* Release */ = {
			isa = XCBuildConfiguration;
			baseConfigurationReference = BEC4A9EE6550C02944583B3B /* Pods-THSmart.release.xcconfig */;
			buildSettings = {
				ASSETCATALOG_COMPILER_APPICON_NAME = AppIcon;
				CLANG_ENABLE_MODULES = YES;
				CODE_SIGN_STYLE = Automatic;
				DEVELOPMENT_TEAM = 3YLQ7747K2;
				INFOPLIST_FILE = THSmart/Info.plist;
				IPHONEOS_DEPLOYMENT_TARGET = 9.0;
				LD_RUNPATH_SEARCH_PATHS = "$(inherited) @executable_path/Frameworks";
				LIBRARY_SEARCH_PATHS = (
					"$(inherited)",
					"$(PROJECT_DIR)/THSmart/Classes/Tools/SDK",
				);
				OTHER_LDFLAGS = (
					"$(inherited)",
					"-framework",
					"\"Alamofire\"",
					"-framework",
					"\"Kingfisher\"",
					"-ObjC",
				);
				PRODUCT_BUNDLE_IDENTIFIER = com.pa.THSmart;
				PRODUCT_NAME = "$(TARGET_NAME)";
				SWIFT_OBJC_BRIDGING_HEADER = "THSmart/THSmart-Bridging-Header.h";
				SWIFT_VERSION = 4.0;
				TARGETED_DEVICE_FAMILY = "1,2";
			};
			name = Release;
		};
/* End XCBuildConfiguration section */

/* Begin XCConfigurationList section */
		5A80AF3C206099A3008B9458 /* Build configuration list for PBXProject "THSmart" */ = {
			isa = XCConfigurationList;
			buildConfigurations = (
				5A80AF51206099A3008B9458 /* Debug */,
				5A80AF52206099A3008B9458 /* Release */,
			);
			defaultConfigurationIsVisible = 0;
			defaultConfigurationName = Release;
		};
		5A80AF53206099A3008B9458 /* Build configuration list for PBXNativeTarget "THSmart" */ = {
			isa = XCConfigurationList;
			buildConfigurations = (
				5A80AF54206099A3008B9458 /* Debug */,
				5A80AF55206099A3008B9458 /* Release */,
			);
			defaultConfigurationIsVisible = 0;
			defaultConfigurationName = Release;
		};
/* End XCConfigurationList section */
	};
	rootObject = 5A80AF39206099A3008B9458 /* Project object */;
}
